// !$*UTF8*$!
{
	archiveVersion = 1;
	classes = {
	};
	objectVersion = 56;
	objects = {

/* Begin PBXBuildFile section */
		66322DF62EA90F540029AE46 /* Desafio_03App.swift in Sources */ = {isa = PBXBuildFile; fileRef = 66322DF52EA90F540029AE46 /* Desafio_03App.swift */; };
		66322DF82EA90F540029AE46 /* ContentView.swift in Sources */ = {isa = PBXBuildFile; fileRef = 66322DF72EA90F540029AE46 /* ContentView.swift */; };
		66322DFA2EA90F560029AE46 /* Assets.xcassets in Resources */ = {isa = PBXBuildFile; fileRef = 66322DF92EA90F560029AE46 /* Assets.xcassets */; };
		66322DFD2EA90F560029AE46 /* Preview Assets.xcassets in Resources */ = {isa = PBXBuildFile; fileRef = 66322DFC2EA90F560029AE46 /* Preview Assets.xcassets */; };
		66322E072EA90F560029AE46 /* Desafio_03Tests.swift in Sources */ = {isa = PBXBuildFile; fileRef = 66322E062EA90F560029AE46 /* Desafio_03Tests.swift */; };
		66322E112EA90F560029AE46 /* Desafio_03UITests.swift in Sources */ = {isa = PBXBuildFile; fileRef = 66322E102EA90F560029AE46 /* Desafio_03UITests.swift */; };
		66322E132EA90F560029AE46 /* Desafio_03UITestsLaunchTests.swift in Sources */ = {isa = PBXBuildFile; fileRef = 66322E122EA90F560029AE46 /* Desafio_03UITestsLaunchTests.swift */; };
/* End PBXBuildFile section */

/* Begin PBXContainerItemProxy section */
		66322E032EA90F560029AE46 /* PBXContainerItemProxy */ = {
			isa = PBXContainerItemProxy;
			containerPortal = 66322DEA2EA90F540029AE46 /* Project object */;
			proxyType = 1;
			remoteGlobalIDString = 66322DF12EA90F540029AE46;
			remoteInfo = "Desafio 03";
		};
		66322E0D2EA90F560029AE46 /* PBXContainerItemProxy */ = {
			isa = PBXContainerItemProxy;
			containerPortal = 66322DEA2EA90F540029AE46 /* Project object */;
			proxyType = 1;
			remoteGlobalIDString = 66322DF12EA90F540029AE46;
			remoteInfo = "Desafio 03";
		};
/* End PBXContainerItemProxy section */

/* Begin PBXFileReference section */
		66322DF22EA90F540029AE46 /* Desafio 03.app */ = {isa = PBXFileReference; explicitFileType = wrapper.application; includeInIndex = 0; path = "Desafio 03.app"; sourceTree = BUILT_PRODUCTS_DIR; };
		66322DF52EA90F540029AE46 /* Desafio_03App.swift */ = {isa = PBXFileReference; lastKnownFileType = sourcecode.swift; path = Desafio_03App.swift; sourceTree = "<group>"; };
		66322DF72EA90F540029AE46 /* ContentView.swift */ = {isa = PBXFileReference; lastKnownFileType = sourcecode.swift; path = ContentView.swift; sourceTree = "<group>"; };
		66322DF92EA90F560029AE46 /* Assets.xcassets */ = {isa = PBXFileReference; lastKnownFileType = folder.assetcatalog; path = Assets.xcassets; sourceTree = "<group>"; };
		66322DFC2EA90F560029AE46 /* Preview Assets.xcassets */ = {isa = PBXFileReference; lastKnownFileType = folder.assetcatalog; path = "Preview Assets.xcassets"; sourceTree = "<group>"; };
		66322E022EA90F560029AE46 /* Desafio 03Tests.xctest */ = {isa = PBXFileReference; explicitFileType = wrapper.cfbundle; includeInIndex = 0; path = "Desafio 03Tests.xctest"; sourceTree = BUILT_PRODUCTS_DIR; };
		66322E062EA90F560029AE46 /* Desafio_03Tests.swift */ = {isa = PBXFileReference; lastKnownFileType = sourcecode.swift; path = Desafio_03Tests.swift; sourceTree = "<group>"; };
		66322E0C2EA90F560029AE46 /* Desafio 03UITests.xctest */ = {isa = PBXFileReference; explicitFileType = wrapper.cfbundle; includeInIndex = 0; path = "Desafio 03UITests.xctest"; sourceTree = BUILT_PRODUCTS_DIR; };
		66322E102EA90F560029AE46 /* Desafio_03UITests.swift */ = {isa = PBXFileReference; lastKnownFileType = sourcecode.swift; path = Desafio_03UITests.swift; sourceTree = "<group>"; };
		66322E122EA90F560029AE46 /* Desafio_03UITestsLaunchTests.swift */ = {isa = PBXFileReference; lastKnownFileType = sourcecode.swift; path = Desafio_03UITestsLaunchTests.swift; sourceTree = "<group>"; };
/* End PBXFileReference section */

/* Begin PBXFrameworksBuildPhase section */
		66322DEF2EA90F540029AE46 /* Frameworks */ = {
			isa = PBXFrameworksBuildPhase;
			buildActionMask = 2147483647;
			files = (
			);
			runOnlyForDeploymentPostprocessing = 0;
		};
		66322DFF2EA90F560029AE46 /* Frameworks */ = {
			isa = PBXFrameworksBuildPhase;
			buildActionMask = 2147483647;
			files = (
			);
			runOnlyForDeploymentPostprocessing = 0;
		};
		66322E092EA90F560029AE46 /* Frameworks */ = {
			isa = PBXFrameworksBuildPhase;
			buildActionMask = 2147483647;
			files = (
			);
			runOnlyForDeploymentPostprocessing = 0;
		};
/* End PBXFrameworksBuildPhase section */

/* Begin PBXGroup section */
		66322DE92EA90F540029AE46 = {
			isa = PBXGroup;
			children = (
				66322DF42EA90F540029AE46 /* Desafio 03 */,
				66322E052EA90F560029AE46 /* Desafio 03Tests */,
				66322E0F2EA90F560029AE46 /* Desafio 03UITests */,
				66322DF32EA90F540029AE46 /* Products */,
			);
			sourceTree = "<group>";
		};
		66322DF32EA90F540029AE46 /* Products */ = {
			isa = PBXGroup;
			children = (
				66322DF22EA90F540029AE46 /* Desafio 03.app */,
				66322E022EA90F560029AE46 /* Desafio 03Tests.xctest */,
				66322E0C2EA90F560029AE46 /* Desafio 03UITests.xctest */,
			);
			name = Products;
			sourceTree = "<group>";
		};
		66322DF42EA90F540029AE46 /* Desafio 03 */ = {
			isa = PBXGroup;
			children = (
				66322DF52EA90F540029AE46 /* Desafio_03App.swift */,
				66322DF72EA90F540029AE46 /* ContentView.swift */,
				66322DF92EA90F560029AE46 /* Assets.xcassets */,
				66322DFB2EA90F560029AE46 /* Preview Content */,
			);
			path = "Desafio 03";
			sourceTree = "<group>";
		};
		66322DFB2EA90F560029AE46 /* Preview Content */ = {
			isa = PBXGroup;
			children = (
				66322DFC2EA90F560029AE46 /* Preview Assets.xcassets */,
			);
			path = "Preview Content";
			sourceTree = "<group>";
		};
		66322E052EA90F560029AE46 /* Desafio 03Tests */ = {
			isa = PBXGroup;
			children = (
				66322E062EA90F560029AE46 /* Desafio_03Tests.swift */,
			);
			path = "Desafio 03Tests";
			sourceTree = "<group>";
		};
		66322E0F2EA90F560029AE46 /* Desafio 03UITests */ = {
			isa = PBXGroup;
			children = (
				66322E102EA90F560029AE46 /* Desafio_03UITests.swift */,
				66322E122EA90F560029AE46 /* Desafio_03UITestsLaunchTests.swift */,
			);
			path = "Desafio 03UITests";
			sourceTree = "<group>";
		};
/* End PBXGroup section */

/* Begin PBXNativeTarget section */
		66322DF12EA90F540029AE46 /* Desafio 03 */ = {
			isa = PBXNativeTarget;
			buildConfigurationList = 66322E162EA90F560029AE46 /* Build configuration list for PBXNativeTarget "Desafio 03" */;
			buildPhases = (
				66322DEE2EA90F540029AE46 /* Sources */,
				66322DEF2EA90F540029AE46 /* Frameworks */,
				66322DF02EA90F540029AE46 /* Resources */,
			);
			buildRules = (
			);
			dependencies = (
			);
			name = "Desafio 03";
			productName = "Desafio 03";
			productReference = 66322DF22EA90F540029AE46 /* Desafio 03.app */;
			productType = "com.apple.product-type.application";
		};
		66322E012EA90F560029AE46 /* Desafio 03Tests */ = {
			isa = PBXNativeTarget;
			buildConfigurationList = 66322E192EA90F560029AE46 /* Build configuration list for PBXNativeTarget "Desafio 03Tests" */;
			buildPhases = (
				66322DFE2EA90F560029AE46 /* Sources */,
				66322DFF2EA90F560029AE46 /* Frameworks */,
				66322E002EA90F560029AE46 /* Resources */,
			);
			buildRules = (
			);
			dependencies = (
				66322E042EA90F560029AE46 /* PBXTargetDependency */,
			);
			name = "Desafio 03Tests";
			productName = "Desafio 03Tests";
			productReference = 66322E022EA90F560029AE46 /* Desafio 03Tests.xctest */;
			productType = "com.apple.product-type.bundle.unit-test";
		};
		66322E0B2EA90F560029AE46 /* Desafio 03UITests */ = {
			isa = PBXNativeTarget;
			buildConfigurationList = 66322E1C2EA90F560029AE46 /* Build configuration list for PBXNativeTarget "Desafio 03UITests" */;
			buildPhases = (
				66322E082EA90F560029AE46 /* Sources */,
				66322E092EA90F560029AE46 /* Frameworks */,
				66322E0A2EA90F560029AE46 /* Resources */,
			);
			buildRules = (
			);
			dependencies = (
				66322E0E2EA90F560029AE46 /* PBXTargetDependency */,
			);
			name = "Desafio 03UITests";
			productName = "Desafio 03UITests";
			productReference = 66322E0C2EA90F560029AE46 /* Desafio 03UITests.xctest */;
			productType = "com.apple.product-type.bundle.ui-testing";
		};
/* End PBXNativeTarget section */

/* Begin PBXProject section */
		66322DEA2EA90F540029AE46 /* Project object */ = {
			isa = PBXProject;
			attributes = {
				BuildIndependentTargetsInParallel = 1;
				LastSwiftUpdateCheck = 1540;
				LastUpgradeCheck = 1540;
				TargetAttributes = {
					66322DF12EA90F540029AE46 = {
						CreatedOnToolsVersion = 15.4;
					};
					66322E012EA90F560029AE46 = {
						CreatedOnToolsVersion = 15.4;
						TestTargetID = 66322DF12EA90F540029AE46;
					};
					66322E0B2EA90F560029AE46 = {
						CreatedOnToolsVersion = 15.4;
						TestTargetID = 66322DF12EA90F540029AE46;
					};
				};
			};
			buildConfigurationList = 66322DED2EA90F540029AE46 /* Build configuration list for PBXProject "Desafio 03" */;
			compatibilityVersion = "Xcode 14.0";
			developmentRegion = en;
			hasScannedForEncodings = 0;
			knownRegions = (
				en,
				Base,
			);
			mainGroup = 66322DE92EA90F540029AE46;
			productRefGroup = 66322DF32EA90F540029AE46 /* Products */;
			projectDirPath = "";
			projectRoot = "";
			targets = (
				66322DF12EA90F540029AE46 /* Desafio 03 */,
				66322E012EA90F560029AE46 /* Desafio 03Tests */,
				66322E0B2EA90F560029AE46 /* Desafio 03UITests */,
			);
		};
/* End PBXProject section */

/* Begin PBXResourcesBuildPhase section */
		66322DF02EA90F540029AE46 /* Resources */ = {
			isa = PBXResourcesBuildPhase;
			buildActionMask = 2147483647;
			files = (
				66322DFD2EA90F560029AE46 /* Preview Assets.xcassets in Resources */,
				66322DFA2EA90F560029AE46 /* Assets.xcassets in Resources */,
			);
			runOnlyForDeploymentPostprocessing = 0;
		};
		66322E002EA90F560029AE46 /* Resources */ = {
			isa = PBXResourcesBuildPhase;
			buildActionMask = 2147483647;
			files = (
			);
			runOnlyForDeploymentPostprocessing = 0;
		};
		66322E0A2EA90F560029AE46 /* Resources */ = {
			isa = PBXResourcesBuildPhase;
			buildActionMask = 2147483647;
			files = (
			);
			runOnlyForDeploymentPostprocessing = 0;
		};
/* End PBXResourcesBuildPhase section */

/* Begin PBXSourcesBuildPhase section */
		66322DEE2EA90F540029AE46 /* Sources */ = {
			isa = PBXSourcesBuildPhase;
			buildActionMask = 2147483647;
			files = (
				66322DF82EA90F540029AE46 /* ContentView.swift in Sources */,
				66322DF62EA90F540029AE46 /* Desafio_03App.swift in Sources */,
			);
			runOnlyForDeploymentPostprocessing = 0;
		};
		66322DFE2EA90F560029AE46 /* Sources */ = {
			isa = PBXSourcesBuildPhase;
			buildActionMask = 2147483647;
			files = (
				66322E072EA90F560029AE46 /* Desafio_03Tests.swift in Sources */,
			);
			runOnlyForDeploymentPostprocessing = 0;
		};
		66322E082EA90F560029AE46 /* Sources */ = {
			isa = PBXSourcesBuildPhase;
			buildActionMask = 2147483647;
			files = (
				66322E112EA90F560029AE46 /* Desafio_03UITests.swift in Sources */,
				66322E132EA90F560029AE46 /* Desafio_03UITestsLaunchTests.swift in Sources */,
			);
			runOnlyForDeploymentPostprocessing = 0;
		};
/* End PBXSourcesBuildPhase section */

/* Begin PBXTargetDependency section */
		66322E042EA90F560029AE46 /* PBXTargetDependency */ = {
			isa = PBXTargetDependency;
			target = 66322DF12EA90F540029AE46 /* Desafio 03 */;
			targetProxy = 66322E032EA90F560029AE46 /* PBXContainerItemProxy */;
		};
		66322E0E2EA90F560029AE46 /* PBXTargetDependency */ = {
			isa = PBXTargetDependency;
			target = 66322DF12EA90F540029AE46 /* Desafio 03 */;
			targetProxy = 66322E0D2EA90F560029AE46 /* PBXContainerItemProxy */;
		};
/* End PBXTargetDependency section */

/* Begin XCBuildConfiguration section */
		66322E142EA90F560029AE46 /* Debug */ = {
			isa = XCBuildConfiguration;
			buildSettings = {
				ALWAYS_SEARCH_USER_PATHS = NO;
				ASSETCATALOG_COMPILER_GENERATE_SWIFT_ASSET_SYMBOL_EXTENSIONS = YES;
				CLANG_ANALYZER_NONNULL = YES;
				CLANG_ANALYZER_NUMBER_OBJECT_CONVERSION = YES_AGGRESSIVE;
				CLANG_CXX_LANGUAGE_STANDARD = "gnu++20";
				CLANG_ENABLE_MODULES = YES;
				CLANG_ENABLE_OBJC_ARC = YES;
				CLANG_ENABLE_OBJC_WEAK = YES;
				CLANG_WARN_BLOCK_CAPTURE_AUTORELEASING = YES;
				CLANG_WARN_BOOL_CONVERSION = YES;
				CLANG_WARN_COMMA = YES;
				CLANG_WARN_CONSTANT_CONVERSION = YES;
				CLANG_WARN_DEPRECATED_OBJC_IMPLEMENTATIONS = YES;
				CLANG_WARN_DIRECT_OBJC_ISA_USAGE = YES_ERROR;
				CLANG_WARN_DOCUMENTATION_COMMENTS = YES;
				CLANG_WARN_EMPTY_BODY = YES;
				CLANG_WARN_ENUM_CONVERSION = YES;
				CLANG_WARN_INFINITE_RECURSION = YES;
				CLANG_WARN_INT_CONVERSION = YES;
				CLANG_WARN_NON_LITERAL_NULL_CONVERSION = YES;
				CLANG_WARN_OBJC_IMPLICIT_RETAIN_SELF = YES;
				CLANG_WARN_OBJC_LITERAL_CONVERSION = YES;
				CLANG_WARN_OBJC_ROOT_CLASS = YES_ERROR;
				CLANG_WARN_QUOTED_INCLUDE_IN_FRAMEWORK_HEADER = YES;
				CLANG_WARN_RANGE_LOOP_ANALYSIS = YES;
				CLANG_WARN_STRICT_PROTOTYPES = YES;
				CLANG_WARN_SUSPICIOUS_MOVE = YES;
				CLANG_WARN_UNGUARDED_AVAILABILITY = YES_AGGRESSIVE;
				CLANG_WARN_UNREACHABLE_CODE = YES;
				CLANG_WARN__DUPLICATE_METHOD_MATCH = YES;
				COPY_PHASE_STRIP = NO;
				DEBUG_INFORMATION_FORMAT = dwarf;
				ENABLE_STRICT_OBJC_MSGSEND = YES;
				ENABLE_TESTABILITY = YES;
				ENABLE_USER_SCRIPT_SANDBOXING = YES;
				GCC_C_LANGUAGE_STANDARD = gnu17;
				GCC_DYNAMIC_NO_PIC = NO;
				GCC_NO_COMMON_BLOCKS = YES;
				GCC_OPTIMIZATION_LEVEL = 0;
				GCC_PREPROCESSOR_DEFINITIONS = (
					"DEBUG=1",
					"$(inherited)",
				);
				GCC_WARN_64_TO_32_BIT_CONVERSION = YES;
				GCC_WARN_ABOUT_RETURN_TYPE = YES_ERROR;
				GCC_WARN_UNDECLARED_SELECTOR = YES;
				GCC_WARN_UNINITIALIZED_AUTOS = YES_AGGRESSIVE;
				GCC_WARN_UNUSED_FUNCTION = YES;
				GCC_WARN_UNUSED_VARIABLE = YES;
				IPHONEOS_DEPLOYMENT_TARGET = 17.5;
				LOCALIZATION_PREFERS_STRING_CATALOGS = YES;
				MTL_ENABLE_DEBUG_INFO = INCLUDE_SOURCE;
				MTL_FAST_MATH = YES;
				ONLY_ACTIVE_ARCH = YES;
				SDKROOT = iphoneos;
				SWIFT_ACTIVE_COMPILATION_CONDITIONS = "DEBUG $(inherited)";
				SWIFT_OPTIMIZATION_LEVEL = "-Onone";
			};
			name = Debug;
		};
		66322E152EA90F560029AE46 /* Release */ = {
			isa = XCBuildConfiguration;
			buildSettings = {
				ALWAYS_SEARCH_USER_PATHS = NO;
				ASSETCATALOG_COMPILER_GENERATE_SWIFT_ASSET_SYMBOL_EXTENSIONS = YES;
				CLANG_ANALYZER_NONNULL = YES;
				CLANG_ANALYZER_NUMBER_OBJECT_CONVERSION = YES_AGGRESSIVE;
				CLANG_CXX_LANGUAGE_STANDARD = "gnu++20";
				CLANG_ENABLE_MODULES = YES;
				CLANG_ENABLE_OBJC_ARC = YES;
				CLANG_ENABLE_OBJC_WEAK = YES;
				CLANG_WARN_BLOCK_CAPTURE_AUTORELEASING = YES;
				CLANG_WARN_BOOL_CONVERSION = YES;
				CLANG_WARN_COMMA = YES;
				CLANG_WARN_CONSTANT_CONVERSION = YES;
				CLANG_WARN_DEPRECATED_OBJC_IMPLEMENTATIONS = YES;
				CLANG_WARN_DIRECT_OBJC_ISA_USAGE = YES_ERROR;
				CLANG_WARN_DOCUMENTATION_COMMENTS = YES;
				CLANG_WARN_EMPTY_BODY = YES;
				CLANG_WARN_ENUM_CONVERSION = YES;
				CLANG_WARN_INFINITE_RECURSION = YES;
				CLANG_WARN_INT_CONVERSION = YES;
				CLANG_WARN_NON_LITERAL_NULL_CONVERSION = YES;
				CLANG_WARN_OBJC_IMPLICIT_RETAIN_SELF = YES;
				CLANG_WARN_OBJC_LITERAL_CONVERSION = YES;
				CLANG_WARN_OBJC_ROOT_CLASS = YES_ERROR;
				CLANG_WARN_QUOTED_INCLUDE_IN_FRAMEWORK_HEADER = YES;
				CLANG_WARN_RANGE_LOOP_ANALYSIS = YES;
				CLANG_WARN_STRICT_PROTOTYPES = YES;
				CLANG_WARN_SUSPICIOUS_MOVE = YES;
				CLANG_WARN_UNGUARDED_AVAILABILITY = YES_AGGRESSIVE;
				CLANG_WARN_UNREACHABLE_CODE = YES;
				CLANG_WARN__DUPLICATE_METHOD_MATCH = YES;
				COPY_PHASE_STRIP = NO;
				DEBUG_INFORMATION_FORMAT = "dwarf-with-dsym";
				ENABLE_NS_ASSERTIONS = NO;
				ENABLE_STRICT_OBJC_MSGSEND = YES;
				ENABLE_USER_SCRIPT_SANDBOXING = YES;
				GCC_C_LANGUAGE_STANDARD = gnu17;
				GCC_NO_COMMON_BLOCKS = YES;
				GCC_WARN_64_TO_32_BIT_CONVERSION = YES;
				GCC_WARN_ABOUT_RETURN_TYPE = YES_ERROR;
				GCC_WARN_UNDECLARED_SELECTOR = YES;
				GCC_WARN_UNINITIALIZED_AUTOS = YES_AGGRESSIVE;
				GCC_WARN_UNUSED_FUNCTION = YES;
				GCC_WARN_UNUSED_VARIABLE = YES;
				IPHONEOS_DEPLOYMENT_TARGET = 17.5;
				LOCALIZATION_PREFERS_STRING_CATALOGS = YES;
				MTL_ENABLE_DEBUG_INFO = NO;
				MTL_FAST_MATH = YES;
				SDKROOT = iphoneos;
				SWIFT_COMPILATION_MODE = wholemodule;
				VALIDATE_PRODUCT = YES;
			};
			name = Release;
		};
		66322E172EA90F560029AE46 /* Debug */ = {
			isa = XCBuildConfiguration;
			buildSettings = {
				ASSETCATALOG_COMPILER_APPICON_NAME = AppIcon;
				ASSETCATALOG_COMPILER_GLOBAL_ACCENT_COLOR_NAME = AccentColor;
				CODE_SIGN_STYLE = Automatic;
				CURRENT_PROJECT_VERSION = 1;
				DEVELOPMENT_ASSET_PATHS = "\"Desafio 03/Preview Content\"";
				ENABLE_PREVIEWS = YES;
				GENERATE_INFOPLIST_FILE = YES;
				INFOPLIST_KEY_UIApplicationSceneManifest_Generation = YES;
				INFOPLIST_KEY_UIApplicationSupportsIndirectInputEvents = YES;
				INFOPLIST_KEY_UILaunchScreen_Generation = YES;
				INFOPLIST_KEY_UISupportedInterfaceOrientations_iPad = "UIInterfaceOrientationPortrait UIInterfaceOrientationPortraitUpsideDown UIInterfaceOrientationLandscapeLeft UIInterfaceOrientationLandscapeRight";
				INFOPLIST_KEY_UISupportedInterfaceOrientations_iPhone = "UIInterfaceOrientationPortrait UIInterfaceOrientationLandscapeLeft UIInterfaceOrientationLandscapeRight";
				LD_RUNPATH_SEARCH_PATHS = (
					"$(inherited)",
					"@executable_path/Frameworks",
				);
				MARKETING_VERSION = 1.0;
				PRODUCT_BUNDLE_IDENTIFIER = "luis.Desafio-03";
				PRODUCT_NAME = "$(TARGET_NAME)";
				SWIFT_EMIT_LOC_STRINGS = YES;
				SWIFT_VERSION = 5.0;
				TARGETED_DEVICE_FAMILY = "1,2";
			};
			name = Debug;
		};
		66322E182EA90F560029AE46 /* Release */ = {
			isa = XCBuildConfiguration;
			buildSettings = {
				ASSETCATALOG_COMPILER_APPICON_NAME = AppIcon;
				ASSETCATALOG_COMPILER_GLOBAL_ACCENT_COLOR_NAME = AccentColor;
				CODE_SIGN_STYLE = Automatic;
				CURRENT_PROJECT_VERSION = 1;
				DEVELOPMENT_ASSET_PATHS = "\"Desafio 03/Preview Content\"";
				ENABLE_PREVIEWS = YES;
				GENERATE_INFOPLIST_FILE = YES;
				INFOPLIST_KEY_UIApplicationSceneManifest_Generation = YES;
				INFOPLIST_KEY_UIApplicationSupportsIndirectInputEvents = YES;
				INFOPLIST_KEY_UILaunchScreen_Generation = YES;
				INFOPLIST_KEY_UISupportedInterfaceOrientations_iPad = "UIInterfaceOrientationPortrait UIInterfaceOrientationPortraitUpsideDown UIInterfaceOrientationLandscapeLeft UIInterfaceOrientationLandscapeRight";
				INFOPLIST_KEY_UISupportedInterfaceOrientations_iPhone = "UIInterfaceOrientationPortrait UIInterfaceOrientationLandscapeLeft UIInterfaceOrientationLandscapeRight";
				LD_RUNPATH_SEARCH_PATHS = (
					"$(inherited)",
					"@executable_path/Frameworks",
				);
				MARKETING_VERSION = 1.0;
				PRODUCT_BUNDLE_IDENTIFIER = "luis.Desafio-03";
				PRODUCT_NAME = "$(TARGET_NAME)";
				SWIFT_EMIT_LOC_STRINGS = YES;
				SWIFT_VERSION = 5.0;
				TARGETED_DEVICE_FAMILY = "1,2";
			};
			name = Release;
		};
		66322E1A2EA90F560029AE46 /* Debug */ = {
			isa = XCBuildConfiguration;
			buildSettings = {
				ALWAYS_EMBED_SWIFT_STANDARD_LIBRARIES = YES;
				BUNDLE_LOADER = "$(TEST_HOST)";
				CODE_SIGN_STYLE = Automatic;
				CURRENT_PROJECT_VERSION = 1;
				GENERATE_INFOPLIST_FILE = YES;
				IPHONEOS_DEPLOYMENT_TARGET = 17.5;
				MARKETING_VERSION = 1.0;
				PRODUCT_BUNDLE_IDENTIFIER = "luis.Desafio-03Tests";
				PRODUCT_NAME = "$(TARGET_NAME)";
				SWIFT_EMIT_LOC_STRINGS = NO;
				SWIFT_VERSION = 5.0;
				TARGETED_DEVICE_FAMILY = "1,2";
				TEST_HOST = "$(BUILT_PRODUCTS_DIR)/Desafio 03.app/$(BUNDLE_EXECUTABLE_FOLDER_PATH)/Desafio 03";
			};
			name = Debug;
		};
		66322E1B2EA90F560029AE46 /* Release */ = {
			isa = XCBuildConfiguration;
			buildSettings = {
				ALWAYS_EMBED_SWIFT_STANDARD_LIBRARIES = YES;
				BUNDLE_LOADER = "$(TEST_HOST)";
				CODE_SIGN_STYLE = Automatic;
				CURRENT_PROJECT_VERSION = 1;
				GENERATE_INFOPLIST_FILE = YES;
				IPHONEOS_DEPLOYMENT_TARGET = 17.5;
				MARKETING_VERSION = 1.0;
				PRODUCT_BUNDLE_IDENTIFIER = "luis.Desafio-03Tests";
				PRODUCT_NAME = "$(TARGET_NAME)";
				SWIFT_EMIT_LOC_STRINGS = NO;
				SWIFT_VERSION = 5.0;
				TARGETED_DEVICE_FAMILY = "1,2";
				TEST_HOST = "$(BUILT_PRODUCTS_DIR)/Desafio 03.app/$(BUNDLE_EXECUTABLE_FOLDER_PATH)/Desafio 03";
			};
			name = Release;
		};
		66322E1D2EA90F560029AE46 /* Debug */ = {
			isa = XCBuildConfiguration;
			buildSettings = {
				ALWAYS_EMBED_SWIFT_STANDARD_LIBRARIES = YES;
				CODE_SIGN_STYLE = Automatic;
				CURRENT_PROJECT_VERSION = 1;
				GENERATE_INFOPLIST_FILE = YES;
				MARKETING_VERSION = 1.0;
				PRODUCT_BUNDLE_IDENTIFIER = "luis.Desafio-03UITests";
				PRODUCT_NAME = "$(TARGET_NAME)";
				SWIFT_EMIT_LOC_STRINGS = NO;
				SWIFT_VERSION = 5.0;
				TARGETED_DEVICE_FAMILY = "1,2";
				TEST_TARGET_NAME = "Desafio 03";
			};
			name = Debug;
		};
		66322E1E2EA90F560029AE46 /* Release */ = {
			isa = XCBuildConfiguration;
			buildSettings = {
				ALWAYS_EMBED_SWIFT_STANDARD_LIBRARIES = YES;
				CODE_SIGN_STYLE = Automatic;
				CURRENT_PROJECT_VERSION = 1;
				GENERATE_INFOPLIST_FILE = YES;
				MARKETING_VERSION = 1.0;
				PRODUCT_BUNDLE_IDENTIFIER = "luis.Desafio-03UITests";
				PRODUCT_NAME = "$(TARGET_NAME)";
				SWIFT_EMIT_LOC_STRINGS = NO;
				SWIFT_VERSION = 5.0;
				TARGETED_DEVICE_FAMILY = "1,2";
				TEST_TARGET_NAME = "Desafio 03";
			};
			name = Release;
		};
/* End XCBuildConfiguration section */

/* Begin XCConfigurationList section */
		66322DED2EA90F540029AE46 /* Build configuration list for PBXProject "Desafio 03" */ = {
			isa = XCConfigurationList;
			buildConfigurations = (
				66322E142EA90F560029AE46 /* Debug */,
				66322E152EA90F560029AE46 /* Release */,
			);
			defaultConfigurationIsVisible = 0;
			defaultConfigurationName = Release;
		};
		66322E162EA90F560029AE46 /* Build configuration list for PBXNativeTarget "Desafio 03" */ = {
			isa = XCConfigurationList;
			buildConfigurations = (
				66322E172EA90F560029AE46 /* Debug */,
				66322E182EA90F560029AE46 /* Release */,
			);
			defaultConfigurationIsVisible = 0;
			defaultConfigurationName = Release;
		};
		66322E192EA90F560029AE46 /* Build configuration list for PBXNativeTarget "Desafio 03Tests" */ = {
			isa = XCConfigurationList;
			buildConfigurations = (
				66322E1A2EA90F560029AE46 /* Debug */,
				66322E1B2EA90F560029AE46 /* Release */,
			);
			defaultConfigurationIsVisible = 0;
			defaultConfigurationName = Release;
		};
		66322E1C2EA90F560029AE46 /* Build configuration list for PBXNativeTarget "Desafio 03UITests" */ = {
			isa = XCConfigurationList;
			buildConfigurations = (
				66322E1D2EA90F560029AE46 /* Debug */,
				66322E1E2EA90F560029AE46 /* Release */,
			);
			defaultConfigurationIsVisible = 0;
			defaultConfigurationName = Release;
		};
/* End XCConfigurationList section */
	};
	rootObject = 66322DEA2EA90F540029AE46 /* Project object */;
}
