// !$*UTF8*$!
{
	archiveVersion = 1;
	classes = {
	};
	objectVersion = 56;
	objects = {

/* Begin PBXBuildFile section */
		6607211C2EB8D8010059FB63 /* Desafio_10App.swift in Sources */ = {isa = PBXBuildFile; fileRef = 6607211B2EB8D8010059FB63 /* Desafio_10App.swift */; };
		6607211E2EB8D8010059FB63 /* ContentView.swift in Sources */ = {isa = PBXBuildFile; fileRef = 6607211D2EB8D8010059FB63 /* ContentView.swift */; };
		660721202EB8D8020059FB63 /* Assets.xcassets in Resources */ = {isa = PBXBuildFile; fileRef = 6607211F2EB8D8020059FB63 /* Assets.xcassets */; };
		660721232EB8D8020059FB63 /* Preview Assets.xcassets in Resources */ = {isa = PBXBuildFile; fileRef = 660721222EB8D8020059FB63 /* Preview Assets.xcassets */; };
		6607212D2EB8D8020059FB63 /* Desafio_10Tests.swift in Sources */ = {isa = PBXBuildFile; fileRef = 6607212C2EB8D8020059FB63 /* Desafio_10Tests.swift */; };
		660721372EB8D8020059FB63 /* Desafio_10UITests.swift in Sources */ = {isa = PBXBuildFile; fileRef = 660721362EB8D8020059FB63 /* Desafio_10UITests.swift */; };
		660721392EB8D8020059FB63 /* Desafio_10UITestsLaunchTests.swift in Sources */ = {isa = PBXBuildFile; fileRef = 660721382EB8D8020059FB63 /* Desafio_10UITestsLaunchTests.swift */; };
		6607217C2EB8EF380059FB63 /* ViewModel.swift in Sources */ = {isa = PBXBuildFile; fileRef = 6607217B2EB8EF380059FB63 /* ViewModel.swift */; };
/* End PBXBuildFile section */

/* Begin PBXContainerItemProxy section */
		660721292EB8D8020059FB63 /* PBXContainerItemProxy */ = {
			isa = PBXContainerItemProxy;
			containerPortal = 660721102EB8D8010059FB63 /* Project object */;
			proxyType = 1;
			remoteGlobalIDString = 660721172EB8D8010059FB63;
			remoteInfo = "Desafio 10";
		};
		660721332EB8D8020059FB63 /* PBXContainerItemProxy */ = {
			isa = PBXContainerItemProxy;
			containerPortal = 660721102EB8D8010059FB63 /* Project object */;
			proxyType = 1;
			remoteGlobalIDString = 660721172EB8D8010059FB63;
			remoteInfo = "Desafio 10";
		};
/* End PBXContainerItemProxy section */

/* Begin PBXFileReference section */
		660721182EB8D8010059FB63 /* Desafio 10.app */ = {isa = PBXFileReference; explicitFileType = wrapper.application; includeInIndex = 0; path = "Desafio 10.app"; sourceTree = BUILT_PRODUCTS_DIR; };
		6607211B2EB8D8010059FB63 /* Desafio_10App.swift */ = {isa = PBXFileReference; lastKnownFileType = sourcecode.swift; path = Desafio_10App.swift; sourceTree = "<group>"; };
		6607211D2EB8D8010059FB63 /* ContentView.swift */ = {isa = PBXFileReference; lastKnownFileType = sourcecode.swift; path = ContentView.swift; sourceTree = "<group>"; };
		6607211F2EB8D8020059FB63 /* Assets.xcassets */ = {isa = PBXFileReference; lastKnownFileType = folder.assetcatalog; path = Assets.xcassets; sourceTree = "<group>"; };
		660721222EB8D8020059FB63 /* Preview Assets.xcassets */ = {isa = PBXFileReference; lastKnownFileType = folder.assetcatalog; path = "Preview Assets.xcassets"; sourceTree = "<group>"; };
		660721282EB8D8020059FB63 /* Desafio 10Tests.xctest */ = {isa = PBXFileReference; explicitFileType = wrapper.cfbundle; includeInIndex = 0; path = "Desafio 10Tests.xctest"; sourceTree = BUILT_PRODUCTS_DIR; };
		6607212C2EB8D8020059FB63 /* Desafio_10Tests.swift */ = {isa = PBXFileReference; lastKnownFileType = sourcecode.swift; path = Desafio_10Tests.swift; sourceTree = "<group>"; };
		660721322EB8D8020059FB63 /* Desafio 10UITests.xctest */ = {isa = PBXFileReference; explicitFileType = wrapper.cfbundle; includeInIndex = 0; path = "Desafio 10UITests.xctest"; sourceTree = BUILT_PRODUCTS_DIR; };
		660721362EB8D8020059FB63 /* Desafio_10UITests.swift */ = {isa = PBXFileReference; lastKnownFileType = sourcecode.swift; path = Desafio_10UITests.swift; sourceTree = "<group>"; };
		660721382EB8D8020059FB63 /* Desafio_10UITestsLaunchTests.swift */ = {isa = PBXFileReference; lastKnownFileType = sourcecode.swift; path = Desafio_10UITestsLaunchTests.swift; sourceTree = "<group>"; };
		6607217B2EB8EF380059FB63 /* ViewModel.swift */ = {isa = PBXFileReference; lastKnownFileType = sourcecode.swift; path = ViewModel.swift; sourceTree = "<group>"; };
/* End PBXFileReference section */

/* Begin PBXFrameworksBuildPhase section */
		660721152EB8D8010059FB63 /* Frameworks */ = {
			isa = PBXFrameworksBuildPhase;
			buildActionMask = 2147483647;
			files = (
			);
			runOnlyForDeploymentPostprocessing = 0;
		};
		660721252EB8D8020059FB63 /* Frameworks */ = {
			isa = PBXFrameworksBuildPhase;
			buildActionMask = 2147483647;
			files = (
			);
			runOnlyForDeploymentPostprocessing = 0;
		};
		6607212F2EB8D8020059FB63 /* Frameworks */ = {
			isa = PBXFrameworksBuildPhase;
			buildActionMask = 2147483647;
			files = (
			);
			runOnlyForDeploymentPostprocessing = 0;
		};
/* End PBXFrameworksBuildPhase section */

/* Begin PBXGroup section */
		6607210F2EB8D8010059FB63 = {
			isa = PBXGroup;
			children = (
				6607211A2EB8D8010059FB63 /* Desafio 10 */,
				6607212B2EB8D8020059FB63 /* Desafio 10Tests */,
				660721352EB8D8020059FB63 /* Desafio 10UITests */,
				660721192EB8D8010059FB63 /* Products */,
			);
			sourceTree = "<group>";
		};
		660721192EB8D8010059FB63 /* Products */ = {
			isa = PBXGroup;
			children = (
				660721182EB8D8010059FB63 /* Desafio 10.app */,
				660721282EB8D8020059FB63 /* Desafio 10Tests.xctest */,
				660721322EB8D8020059FB63 /* Desafio 10UITests.xctest */,
			);
			name = Products;
			sourceTree = "<group>";
		};
		6607211A2EB8D8010059FB63 /* Desafio 10 */ = {
			isa = PBXGroup;
			children = (
				6607211B2EB8D8010059FB63 /* Desafio_10App.swift */,
				6607211D2EB8D8010059FB63 /* ContentView.swift */,
				6607217B2EB8EF380059FB63 /* ViewModel.swift */,
				6607211F2EB8D8020059FB63 /* Assets.xcassets */,
				660721212EB8D8020059FB63 /* Preview Content */,
			);
			path = "Desafio 10";
			sourceTree = "<group>";
		};
		660721212EB8D8020059FB63 /* Preview Content */ = {
			isa = PBXGroup;
			children = (
				660721222EB8D8020059FB63 /* Preview Assets.xcassets */,
			);
			path = "Preview Content";
			sourceTree = "<group>";
		};
		6607212B2EB8D8020059FB63 /* Desafio 10Tests */ = {
			isa = PBXGroup;
			children = (
				6607212C2EB8D8020059FB63 /* Desafio_10Tests.swift */,
			);
			path = "Desafio 10Tests";
			sourceTree = "<group>";
		};
		660721352EB8D8020059FB63 /* Desafio 10UITests */ = {
			isa = PBXGroup;
			children = (
				660721362EB8D8020059FB63 /* Desafio_10UITests.swift */,
				660721382EB8D8020059FB63 /* Desafio_10UITestsLaunchTests.swift */,
			);
			path = "Desafio 10UITests";
			sourceTree = "<group>";
		};
/* End PBXGroup section */

/* Begin PBXNativeTarget section */
		660721172EB8D8010059FB63 /* Desafio 10 */ = {
			isa = PBXNativeTarget;
			buildConfigurationList = 6607213C2EB8D8020059FB63 /* Build configuration list for PBXNativeTarget "Desafio 10" */;
			buildPhases = (
				660721142EB8D8010059FB63 /* Sources */,
				660721152EB8D8010059FB63 /* Frameworks */,
				660721162EB8D8010059FB63 /* Resources */,
			);
			buildRules = (
			);
			dependencies = (
			);
			name = "Desafio 10";
			productName = "Desafio 10";
			productReference = 660721182EB8D8010059FB63 /* Desafio 10.app */;
			productType = "com.apple.product-type.application";
		};
		660721272EB8D8020059FB63 /* Desafio 10Tests */ = {
			isa = PBXNativeTarget;
			buildConfigurationList = 6607213F2EB8D8020059FB63 /* Build configuration list for PBXNativeTarget "Desafio 10Tests" */;
			buildPhases = (
				660721242EB8D8020059FB63 /* Sources */,
				660721252EB8D8020059FB63 /* Frameworks */,
				660721262EB8D8020059FB63 /* Resources */,
			);
			buildRules = (
			);
			dependencies = (
				6607212A2EB8D8020059FB63 /* PBXTargetDependency */,
			);
			name = "Desafio 10Tests";
			productName = "Desafio 10Tests";
			productReference = 660721282EB8D8020059FB63 /* Desafio 10Tests.xctest */;
			productType = "com.apple.product-type.bundle.unit-test";
		};
		660721312EB8D8020059FB63 /* Desafio 10UITests */ = {
			isa = PBXNativeTarget;
			buildConfigurationList = 660721422EB8D8020059FB63 /* Build configuration list for PBXNativeTarget "Desafio 10UITests" */;
			buildPhases = (
				6607212E2EB8D8020059FB63 /* Sources */,
				6607212F2EB8D8020059FB63 /* Frameworks */,
				660721302EB8D8020059FB63 /* Resources */,
			);
			buildRules = (
			);
			dependencies = (
				660721342EB8D8020059FB63 /* PBXTargetDependency */,
			);
			name = "Desafio 10UITests";
			productName = "Desafio 10UITests";
			productReference = 660721322EB8D8020059FB63 /* Desafio 10UITests.xctest */;
			productType = "com.apple.product-type.bundle.ui-testing";
		};
/* End PBXNativeTarget section */

/* Begin PBXProject section */
		660721102EB8D8010059FB63 /* Project object */ = {
			isa = PBXProject;
			attributes = {
				BuildIndependentTargetsInParallel = 1;
				LastSwiftUpdateCheck = 1540;
				LastUpgradeCheck = 1540;
				TargetAttributes = {
					660721172EB8D8010059FB63 = {
						CreatedOnToolsVersion = 15.4;
					};
					660721272EB8D8020059FB63 = {
						CreatedOnToolsVersion = 15.4;
						TestTargetID = 660721172EB8D8010059FB63;
					};
					660721312EB8D8020059FB63 = {
						CreatedOnToolsVersion = 15.4;
						TestTargetID = 660721172EB8D8010059FB63;
					};
				};
			};
			buildConfigurationList = 660721132EB8D8010059FB63 /* Build configuration list for PBXProject "Desafio 10" */;
			compatibilityVersion = "Xcode 14.0";
			developmentRegion = en;
			hasScannedForEncodings = 0;
			knownRegions = (
				en,
				Base,
			);
			mainGroup = 6607210F2EB8D8010059FB63;
			productRefGroup = 660721192EB8D8010059FB63 /* Products */;
			projectDirPath = "";
			projectRoot = "";
			targets = (
				660721172EB8D8010059FB63 /* Desafio 10 */,
				660721272EB8D8020059FB63 /* Desafio 10Tests */,
				660721312EB8D8020059FB63 /* Desafio 10UITests */,
			);
		};
/* End PBXProject section */

/* Begin PBXResourcesBuildPhase section */
		660721162EB8D8010059FB63 /* Resources */ = {
			isa = PBXResourcesBuildPhase;
			buildActionMask = 2147483647;
			files = (
				660721232EB8D8020059FB63 /* Preview Assets.xcassets in Resources */,
				660721202EB8D8020059FB63 /* Assets.xcassets in Resources */,
			);
			runOnlyForDeploymentPostprocessing = 0;
		};
		660721262EB8D8020059FB63 /* Resources */ = {
			isa = PBXResourcesBuildPhase;
			buildActionMask = 2147483647;
			files = (
			);
			runOnlyForDeploymentPostprocessing = 0;
		};
		660721302EB8D8020059FB63 /* Resources */ = {
			isa = PBXResourcesBuildPhase;
			buildActionMask = 2147483647;
			files = (
			);
			runOnlyForDeploymentPostprocessing = 0;
		};
/* End PBXResourcesBuildPhase section */

/* Begin PBXSourcesBuildPhase section */
		660721142EB8D8010059FB63 /* Sources */ = {
			isa = PBXSourcesBuildPhase;
			buildActionMask = 2147483647;
			files = (
				6607211E2EB8D8010059FB63 /* ContentView.swift in Sources */,
				6607217C2EB8EF380059FB63 /* ViewModel.swift in Sources */,
				6607211C2EB8D8010059FB63 /* Desafio_10App.swift in Sources */,
			);
			runOnlyForDeploymentPostprocessing = 0;
		};
		660721242EB8D8020059FB63 /* Sources */ = {
			isa = PBXSourcesBuildPhase;
			buildActionMask = 2147483647;
			files = (
				6607212D2EB8D8020059FB63 /* Desafio_10Tests.swift in Sources */,
			);
			runOnlyForDeploymentPostprocessing = 0;
		};
		6607212E2EB8D8020059FB63 /* Sources */ = {
			isa = PBXSourcesBuildPhase;
			buildActionMask = 2147483647;
			files = (
				660721372EB8D8020059FB63 /* Desafio_10UITests.swift in Sources */,
				660721392EB8D8020059FB63 /* Desafio_10UITestsLaunchTests.swift in Sources */,
			);
			runOnlyForDeploymentPostprocessing = 0;
		};
/* End PBXSourcesBuildPhase section */

/* Begin PBXTargetDependency section */
		6607212A2EB8D8020059FB63 /* PBXTargetDependency */ = {
			isa = PBXTargetDependency;
			target = 660721172EB8D8010059FB63 /* Desafio 10 */;
			targetProxy = 660721292EB8D8020059FB63 /* PBXContainerItemProxy */;
		};
		660721342EB8D8020059FB63 /* PBXTargetDependency */ = {
			isa = PBXTargetDependency;
			target = 660721172EB8D8010059FB63 /* Desafio 10 */;
			targetProxy = 660721332EB8D8020059FB63 /* PBXContainerItemProxy */;
		};
/* End PBXTargetDependency section */

/* Begin XCBuildConfiguration section */
		6607213A2EB8D8020059FB63 /* Debug */ = {
			isa = XCBuildConfiguration;
			buildSettings = {
				ALWAYS_SEARCH_USER_PATHS = NO;
				ASSETCATALOG_COMPILER_GENERATE_SWIFT_ASSET_SYMBOL_EXTENSIONS = YES;
				CLANG_ANALYZER_NONNULL = YES;
				CLANG_ANALYZER_NUMBER_OBJECT_CONVERSION = YES_AGGRESSIVE;
				CLANG_CXX_LANGUAGE_STANDARD = "gnu++20";
				CLANG_ENABLE_MODULES = YES;
				CLANG_ENABLE_OBJC_ARC = YES;
				CLANG_ENABLE_OBJC_WEAK = YES;
				CLANG_WARN_BLOCK_CAPTURE_AUTORELEASING = YES;
				CLANG_WARN_BOOL_CONVERSION = YES;
				CLANG_WARN_COMMA = YES;
				CLANG_WARN_CONSTANT_CONVERSION = YES;
				CLANG_WARN_DEPRECATED_OBJC_IMPLEMENTATIONS = YES;
				CLANG_WARN_DIRECT_OBJC_ISA_USAGE = YES_ERROR;
				CLANG_WARN_DOCUMENTATION_COMMENTS = YES;
				CLANG_WARN_EMPTY_BODY = YES;
				CLANG_WARN_ENUM_CONVERSION = YES;
				CLANG_WARN_INFINITE_RECURSION = YES;
				CLANG_WARN_INT_CONVERSION = YES;
				CLANG_WARN_NON_LITERAL_NULL_CONVERSION = YES;
				CLANG_WARN_OBJC_IMPLICIT_RETAIN_SELF = YES;
				CLANG_WARN_OBJC_LITERAL_CONVERSION = YES;
				CLANG_WARN_OBJC_ROOT_CLASS = YES_ERROR;
				CLANG_WARN_QUOTED_INCLUDE_IN_FRAMEWORK_HEADER = YES;
				CLANG_WARN_RANGE_LOOP_ANALYSIS = YES;
				CLANG_WARN_STRICT_PROTOTYPES = YES;
				CLANG_WARN_SUSPICIOUS_MOVE = YES;
				CLANG_WARN_UNGUARDED_AVAILABILITY = YES_AGGRESSIVE;
				CLANG_WARN_UNREACHABLE_CODE = YES;
				CLANG_WARN__DUPLICATE_METHOD_MATCH = YES;
				COPY_PHASE_STRIP = NO;
				DEBUG_INFORMATION_FORMAT = dwarf;
				ENABLE_STRICT_OBJC_MSGSEND = YES;
				ENABLE_TESTABILITY = YES;
				ENABLE_USER_SCRIPT_SANDBOXING = YES;
				GCC_C_LANGUAGE_STANDARD = gnu17;
				GCC_DYNAMIC_NO_PIC = NO;
				GCC_NO_COMMON_BLOCKS = YES;
				GCC_OPTIMIZATION_LEVEL = 0;
				GCC_PREPROCESSOR_DEFINITIONS = (
					"DEBUG=1",
					"$(inherited)",
				);
				GCC_WARN_64_TO_32_BIT_CONVERSION = YES;
				GCC_WARN_ABOUT_RETURN_TYPE = YES_ERROR;
				GCC_WARN_UNDECLARED_SELECTOR = YES;
				GCC_WARN_UNINITIALIZED_AUTOS = YES_AGGRESSIVE;
				GCC_WARN_UNUSED_FUNCTION = YES;
				GCC_WARN_UNUSED_VARIABLE = YES;
				IPHONEOS_DEPLOYMENT_TARGET = 17.5;
				LOCALIZATION_PREFERS_STRING_CATALOGS = YES;
				MTL_ENABLE_DEBUG_INFO = INCLUDE_SOURCE;
				MTL_FAST_MATH = YES;
				ONLY_ACTIVE_ARCH = YES;
				SDKROOT = iphoneos;
				SWIFT_ACTIVE_COMPILATION_CONDITIONS = "DEBUG $(inherited)";
				SWIFT_OPTIMIZATION_LEVEL = "-Onone";
			};
			name = Debug;
		};
		6607213B2EB8D8020059FB63 /* Release */ = {
			isa = XCBuildConfiguration;
			buildSettings = {
				ALWAYS_SEARCH_USER_PATHS = NO;
				ASSETCATALOG_COMPILER_GENERATE_SWIFT_ASSET_SYMBOL_EXTENSIONS = YES;
				CLANG_ANALYZER_NONNULL = YES;
				CLANG_ANALYZER_NUMBER_OBJECT_CONVERSION = YES_AGGRESSIVE;
				CLANG_CXX_LANGUAGE_STANDARD = "gnu++20";
				CLANG_ENABLE_MODULES = YES;
				CLANG_ENABLE_OBJC_ARC = YES;
				CLANG_ENABLE_OBJC_WEAK = YES;
				CLANG_WARN_BLOCK_CAPTURE_AUTORELEASING = YES;
				CLANG_WARN_BOOL_CONVERSION = YES;
				CLANG_WARN_COMMA = YES;
				CLANG_WARN_CONSTANT_CONVERSION = YES;
				CLANG_WARN_DEPRECATED_OBJC_IMPLEMENTATIONS = YES;
				CLANG_WARN_DIRECT_OBJC_ISA_USAGE = YES_ERROR;
				CLANG_WARN_DOCUMENTATION_COMMENTS = YES;
				CLANG_WARN_EMPTY_BODY = YES;
				CLANG_WARN_ENUM_CONVERSION = YES;
				CLANG_WARN_INFINITE_RECURSION = YES;
				CLANG_WARN_INT_CONVERSION = YES;
				CLANG_WARN_NON_LITERAL_NULL_CONVERSION = YES;
				CLANG_WARN_OBJC_IMPLICIT_RETAIN_SELF = YES;
				CLANG_WARN_OBJC_LITERAL_CONVERSION = YES;
				CLANG_WARN_OBJC_ROOT_CLASS = YES_ERROR;
				CLANG_WARN_QUOTED_INCLUDE_IN_FRAMEWORK_HEADER = YES;
				CLANG_WARN_RANGE_LOOP_ANALYSIS = YES;
				CLANG_WARN_STRICT_PROTOTYPES = YES;
				CLANG_WARN_SUSPICIOUS_MOVE = YES;
				CLANG_WARN_UNGUARDED_AVAILABILITY = YES_AGGRESSIVE;
				CLANG_WARN_UNREACHABLE_CODE = YES;
				CLANG_WARN__DUPLICATE_METHOD_MATCH = YES;
				COPY_PHASE_STRIP = NO;
				DEBUG_INFORMATION_FORMAT = "dwarf-with-dsym";
				ENABLE_NS_ASSERTIONS = NO;
				ENABLE_STRICT_OBJC_MSGSEND = YES;
				ENABLE_USER_SCRIPT_SANDBOXING = YES;
				GCC_C_LANGUAGE_STANDARD = gnu17;
				GCC_NO_COMMON_BLOCKS = YES;
				GCC_WARN_64_TO_32_BIT_CONVERSION = YES;
				GCC_WARN_ABOUT_RETURN_TYPE = YES_ERROR;
				GCC_WARN_UNDECLARED_SELECTOR = YES;
				GCC_WARN_UNINITIALIZED_AUTOS = YES_AGGRESSIVE;
				GCC_WARN_UNUSED_FUNCTION = YES;
				GCC_WARN_UNUSED_VARIABLE = YES;
				IPHONEOS_DEPLOYMENT_TARGET = 17.5;
				LOCALIZATION_PREFERS_STRING_CATALOGS = YES;
				MTL_ENABLE_DEBUG_INFO = NO;
				MTL_FAST_MATH = YES;
				SDKROOT = iphoneos;
				SWIFT_COMPILATION_MODE = wholemodule;
				VALIDATE_PRODUCT = YES;
			};
			name = Release;
		};
		6607213D2EB8D8020059FB63 /* Debug */ = {
			isa = XCBuildConfiguration;
			buildSettings = {
				ASSETCATALOG_COMPILER_APPICON_NAME = AppIcon;
				ASSETCATALOG_COMPILER_GLOBAL_ACCENT_COLOR_NAME = AccentColor;
				CODE_SIGN_STYLE = Automatic;
				CURRENT_PROJECT_VERSION = 1;
				DEVELOPMENT_ASSET_PATHS = "\"Desafio 10/Preview Content\"";
				ENABLE_PREVIEWS = YES;
				GENERATE_INFOPLIST_FILE = YES;
				INFOPLIST_KEY_UIApplicationSceneManifest_Generation = YES;
				INFOPLIST_KEY_UIApplicationSupportsIndirectInputEvents = YES;
				INFOPLIST_KEY_UILaunchScreen_Generation = YES;
				INFOPLIST_KEY_UISupportedInterfaceOrientations_iPad = "UIInterfaceOrientationPortrait UIInterfaceOrientationPortraitUpsideDown UIInterfaceOrientationLandscapeLeft UIInterfaceOrientationLandscapeRight";
				INFOPLIST_KEY_UISupportedInterfaceOrientations_iPhone = "UIInterfaceOrientationPortrait UIInterfaceOrientationLandscapeLeft UIInterfaceOrientationLandscapeRight";
				LD_RUNPATH_SEARCH_PATHS = (
					"$(inherited)",
					"@executable_path/Frameworks",
				);
				MARKETING_VERSION = 1.0;
				PRODUCT_BUNDLE_IDENTIFIER = "luis.Desafio-10";
				PRODUCT_NAME = "$(TARGET_NAME)";
				SWIFT_EMIT_LOC_STRINGS = YES;
				SWIFT_VERSION = 5.0;
				TARGETED_DEVICE_FAMILY = "1,2";
			};
			name = Debug;
		};
		6607213E2EB8D8020059FB63 /* Release */ = {
			isa = XCBuildConfiguration;
			buildSettings = {
				ASSETCATALOG_COMPILER_APPICON_NAME = AppIcon;
				ASSETCATALOG_COMPILER_GLOBAL_ACCENT_COLOR_NAME = AccentColor;
				CODE_SIGN_STYLE = Automatic;
				CURRENT_PROJECT_VERSION = 1;
				DEVELOPMENT_ASSET_PATHS = "\"Desafio 10/Preview Content\"";
				ENABLE_PREVIEWS = YES;
				GENERATE_INFOPLIST_FILE = YES;
				INFOPLIST_KEY_UIApplicationSceneManifest_Generation = YES;
				INFOPLIST_KEY_UIApplicationSupportsIndirectInputEvents = YES;
				INFOPLIST_KEY_UILaunchScreen_Generation = YES;
				INFOPLIST_KEY_UISupportedInterfaceOrientations_iPad = "UIInterfaceOrientationPortrait UIInterfaceOrientationPortraitUpsideDown UIInterfaceOrientationLandscapeLeft UIInterfaceOrientationLandscapeRight";
				INFOPLIST_KEY_UISupportedInterfaceOrientations_iPhone = "UIInterfaceOrientationPortrait UIInterfaceOrientationLandscapeLeft UIInterfaceOrientationLandscapeRight";
				LD_RUNPATH_SEARCH_PATHS = (
					"$(inherited)",
					"@executable_path/Frameworks",
				);
				MARKETING_VERSION = 1.0;
				PRODUCT_BUNDLE_IDENTIFIER = "luis.Desafio-10";
				PRODUCT_NAME = "$(TARGET_NAME)";
				SWIFT_EMIT_LOC_STRINGS = YES;
				SWIFT_VERSION = 5.0;
				TARGETED_DEVICE_FAMILY = "1,2";
			};
			name = Release;
		};
		660721402EB8D8020059FB63 /* Debug */ = {
			isa = XCBuildConfiguration;
			buildSettings = {
				ALWAYS_EMBED_SWIFT_STANDARD_LIBRARIES = YES;
				BUNDLE_LOADER = "$(TEST_HOST)";
				CODE_SIGN_STYLE = Automatic;
				CURRENT_PROJECT_VERSION = 1;
				GENERATE_INFOPLIST_FILE = YES;
				IPHONEOS_DEPLOYMENT_TARGET = 17.5;
				MARKETING_VERSION = 1.0;
				PRODUCT_BUNDLE_IDENTIFIER = "luis.Desafio-10Tests";
				PRODUCT_NAME = "$(TARGET_NAME)";
				SWIFT_EMIT_LOC_STRINGS = NO;
				SWIFT_VERSION = 5.0;
				TARGETED_DEVICE_FAMILY = "1,2";
				TEST_HOST = "$(BUILT_PRODUCTS_DIR)/Desafio 10.app/$(BUNDLE_EXECUTABLE_FOLDER_PATH)/Desafio 10";
			};
			name = Debug;
		};
		660721412EB8D8020059FB63 /* Release */ = {
			isa = XCBuildConfiguration;
			buildSettings = {
				ALWAYS_EMBED_SWIFT_STANDARD_LIBRARIES = YES;
				BUNDLE_LOADER = "$(TEST_HOST)";
				CODE_SIGN_STYLE = Automatic;
				CURRENT_PROJECT_VERSION = 1;
				GENERATE_INFOPLIST_FILE = YES;
				IPHONEOS_DEPLOYMENT_TARGET = 17.5;
				MARKETING_VERSION = 1.0;
				PRODUCT_BUNDLE_IDENTIFIER = "luis.Desafio-10Tests";
				PRODUCT_NAME = "$(TARGET_NAME)";
				SWIFT_EMIT_LOC_STRINGS = NO;
				SWIFT_VERSION = 5.0;
				TARGETED_DEVICE_FAMILY = "1,2";
				TEST_HOST = "$(BUILT_PRODUCTS_DIR)/Desafio 10.app/$(BUNDLE_EXECUTABLE_FOLDER_PATH)/Desafio 10";
			};
			name = Release;
		};
		660721432EB8D8020059FB63 /* Debug */ = {
			isa = XCBuildConfiguration;
			buildSettings = {
				ALWAYS_EMBED_SWIFT_STANDARD_LIBRARIES = YES;
				CODE_SIGN_STYLE = Automatic;
				CURRENT_PROJECT_VERSION = 1;
				GENERATE_INFOPLIST_FILE = YES;
				MARKETING_VERSION = 1.0;
				PRODUCT_BUNDLE_IDENTIFIER = "luis.Desafio-10UITests";
				PRODUCT_NAME = "$(TARGET_NAME)";
				SWIFT_EMIT_LOC_STRINGS = NO;
				SWIFT_VERSION = 5.0;
				TARGETED_DEVICE_FAMILY = "1,2";
				TEST_TARGET_NAME = "Desafio 10";
			};
			name = Debug;
		};
		660721442EB8D8020059FB63 /* Release */ = {
			isa = XCBuildConfiguration;
			buildSettings = {
				ALWAYS_EMBED_SWIFT_STANDARD_LIBRARIES = YES;
				CODE_SIGN_STYLE = Automatic;
				CURRENT_PROJECT_VERSION = 1;
				GENERATE_INFOPLIST_FILE = YES;
				MARKETING_VERSION = 1.0;
				PRODUCT_BUNDLE_IDENTIFIER = "luis.Desafio-10UITests";
				PRODUCT_NAME = "$(TARGET_NAME)";
				SWIFT_EMIT_LOC_STRINGS = NO;
				SWIFT_VERSION = 5.0;
				TARGETED_DEVICE_FAMILY = "1,2";
				TEST_TARGET_NAME = "Desafio 10";
			};
			name = Release;
		};
/* End XCBuildConfiguration section */

/* Begin XCConfigurationList section */
		660721132EB8D8010059FB63 /* Build configuration list for PBXProject "Desafio 10" */ = {
			isa = XCConfigurationList;
			buildConfigurations = (
				6607213A2EB8D8020059FB63 /* Debug */,
				6607213B2EB8D8020059FB63 /* Release */,
			);
			defaultConfigurationIsVisible = 0;
			defaultConfigurationName = Release;
		};
		6607213C2EB8D8020059FB63 /* Build configuration list for PBXNativeTarget "Desafio 10" */ = {
			isa = XCConfigurationList;
			buildConfigurations = (
				6607213D2EB8D8020059FB63 /* Debug */,
				6607213E2EB8D8020059FB63 /* Release */,
			);
			defaultConfigurationIsVisible = 0;
			defaultConfigurationName = Release;
		};
		6607213F2EB8D8020059FB63 /* Build configuration list for PBXNativeTarget "Desafio 10Tests" */ = {
			isa = XCConfigurationList;
			buildConfigurations = (
				660721402EB8D8020059FB63 /* Debug */,
				660721412EB8D8020059FB63 /* Release */,
			);
			defaultConfigurationIsVisible = 0;
			defaultConfigurationName = Release;
		};
		660721422EB8D8020059FB63 /* Build configuration list for PBXNativeTarget "Desafio 10UITests" */ = {
			isa = XCConfigurationList;
			buildConfigurations = (
				660721432EB8D8020059FB63 /* Debug */,
				660721442EB8D8020059FB63 /* Release */,
			);
			defaultConfigurationIsVisible = 0;
			defaultConfigurationName = Release;
		};
/* End XCConfigurationList section */
	};
	rootObject = 660721102EB8D8010059FB63 /* Project object */;
}
