// !$*UTF8*$!
{
	archiveVersion = 1;
	classes = {
	};
	objectVersion = 56;
	objects = {

/* Begin PBXBuildFile section */
		6686E8232EB24499007B7956 /* Desafio_08App.swift in Sources */ = {isa = PBXBuildFile; fileRef = 6686E8222EB24499007B7956 /* Desafio_08App.swift */; };
		6686E8252EB24499007B7956 /* ContentView.swift in Sources */ = {isa = PBXBuildFile; fileRef = 6686E8242EB24499007B7956 /* ContentView.swift */; };
		6686E8272EB2449B007B7956 /* Assets.xcassets in Resources */ = {isa = PBXBuildFile; fileRef = 6686E8262EB2449B007B7956 /* Assets.xcassets */; };
		6686E82A2EB2449B007B7956 /* Preview Assets.xcassets in Resources */ = {isa = PBXBuildFile; fileRef = 6686E8292EB2449B007B7956 /* Preview Assets.xcassets */; };
		6686E8342EB2449B007B7956 /* Desafio_08Tests.swift in Sources */ = {isa = PBXBuildFile; fileRef = 6686E8332EB2449B007B7956 /* Desafio_08Tests.swift */; };
		6686E83E2EB2449B007B7956 /* Desafio_08UITests.swift in Sources */ = {isa = PBXBuildFile; fileRef = 6686E83D2EB2449B007B7956 /* Desafio_08UITests.swift */; };
		6686E8402EB2449B007B7956 /* Desafio_08UITestsLaunchTests.swift in Sources */ = {isa = PBXBuildFile; fileRef = 6686E83F2EB2449B007B7956 /* Desafio_08UITestsLaunchTests.swift */; };
		6686E84D2EB24649007B7956 /* ViewModel.swift in Sources */ = {isa = PBXBuildFile; fileRef = 6686E84C2EB24649007B7956 /* ViewModel.swift */; };
		6686E84F2EB24E2E007B7956 /* DetailView.swift in Sources */ = {isa = PBXBuildFile; fileRef = 6686E84E2EB24E2E007B7956 /* DetailView.swift */; };
/* End PBXBuildFile section */

/* Begin PBXContainerItemProxy section */
		6686E8302EB2449B007B7956 /* PBXContainerItemProxy */ = {
			isa = PBXContainerItemProxy;
			containerPortal = 6686E8172EB24499007B7956 /* Project object */;
			proxyType = 1;
			remoteGlobalIDString = 6686E81E2EB24499007B7956;
			remoteInfo = "Desafio 08";
		};
		6686E83A2EB2449B007B7956 /* PBXContainerItemProxy */ = {
			isa = PBXContainerItemProxy;
			containerPortal = 6686E8172EB24499007B7956 /* Project object */;
			proxyType = 1;
			remoteGlobalIDString = 6686E81E2EB24499007B7956;
			remoteInfo = "Desafio 08";
		};
/* End PBXContainerItemProxy section */

/* Begin PBXFileReference section */
		6686E81F2EB24499007B7956 /* Desafio 08.app */ = {isa = PBXFileReference; explicitFileType = wrapper.application; includeInIndex = 0; path = "Desafio 08.app"; sourceTree = BUILT_PRODUCTS_DIR; };
		6686E8222EB24499007B7956 /* Desafio_08App.swift */ = {isa = PBXFileReference; lastKnownFileType = sourcecode.swift; path = Desafio_08App.swift; sourceTree = "<group>"; };
		6686E8242EB24499007B7956 /* ContentView.swift */ = {isa = PBXFileReference; lastKnownFileType = sourcecode.swift; path = ContentView.swift; sourceTree = "<group>"; };
		6686E8262EB2449B007B7956 /* Assets.xcassets */ = {isa = PBXFileReference; lastKnownFileType = folder.assetcatalog; path = Assets.xcassets; sourceTree = "<group>"; };
		6686E8292EB2449B007B7956 /* Preview Assets.xcassets */ = {isa = PBXFileReference; lastKnownFileType = folder.assetcatalog; path = "Preview Assets.xcassets"; sourceTree = "<group>"; };
		6686E82F2EB2449B007B7956 /* Desafio 08Tests.xctest */ = {isa = PBXFileReference; explicitFileType = wrapper.cfbundle; includeInIndex = 0; path = "Desafio 08Tests.xctest"; sourceTree = BUILT_PRODUCTS_DIR; };
		6686E8332EB2449B007B7956 /* Desafio_08Tests.swift */ = {isa = PBXFileReference; lastKnownFileType = sourcecode.swift; path = Desafio_08Tests.swift; sourceTree = "<group>"; };
		6686E8392EB2449B007B7956 /* Desafio 08UITests.xctest */ = {isa = PBXFileReference; explicitFileType = wrapper.cfbundle; includeInIndex = 0; path = "Desafio 08UITests.xctest"; sourceTree = BUILT_PRODUCTS_DIR; };
		6686E83D2EB2449B007B7956 /* Desafio_08UITests.swift */ = {isa = PBXFileReference; lastKnownFileType = sourcecode.swift; path = Desafio_08UITests.swift; sourceTree = "<group>"; };
		6686E83F2EB2449B007B7956 /* Desafio_08UITestsLaunchTests.swift */ = {isa = PBXFileReference; lastKnownFileType = sourcecode.swift; path = Desafio_08UITestsLaunchTests.swift; sourceTree = "<group>"; };
		6686E84C2EB24649007B7956 /* ViewModel.swift */ = {isa = PBXFileReference; lastKnownFileType = sourcecode.swift; path = ViewModel.swift; sourceTree = "<group>"; };
		6686E84E2EB24E2E007B7956 /* DetailView.swift */ = {isa = PBXFileReference; lastKnownFileType = sourcecode.swift; path = DetailView.swift; sourceTree = "<group>"; };
/* End PBXFileReference section */

/* Begin PBXFrameworksBuildPhase section */
		6686E81C2EB24499007B7956 /* Frameworks */ = {
			isa = PBXFrameworksBuildPhase;
			buildActionMask = 2147483647;
			files = (
			);
			runOnlyForDeploymentPostprocessing = 0;
		};
		6686E82C2EB2449B007B7956 /* Frameworks */ = {
			isa = PBXFrameworksBuildPhase;
			buildActionMask = 2147483647;
			files = (
			);
			runOnlyForDeploymentPostprocessing = 0;
		};
		6686E8362EB2449B007B7956 /* Frameworks */ = {
			isa = PBXFrameworksBuildPhase;
			buildActionMask = 2147483647;
			files = (
			);
			runOnlyForDeploymentPostprocessing = 0;
		};
/* End PBXFrameworksBuildPhase section */

/* Begin PBXGroup section */
		6686E8162EB24499007B7956 = {
			isa = PBXGroup;
			children = (
				6686E8212EB24499007B7956 /* Desafio 08 */,
				6686E8322EB2449B007B7956 /* Desafio 08Tests */,
				6686E83C2EB2449B007B7956 /* Desafio 08UITests */,
				6686E8202EB24499007B7956 /* Products */,
			);
			sourceTree = "<group>";
		};
		6686E8202EB24499007B7956 /* Products */ = {
			isa = PBXGroup;
			children = (
				6686E81F2EB24499007B7956 /* Desafio 08.app */,
				6686E82F2EB2449B007B7956 /* Desafio 08Tests.xctest */,
				6686E8392EB2449B007B7956 /* Desafio 08UITests.xctest */,
			);
			name = Products;
			sourceTree = "<group>";
		};
		6686E8212EB24499007B7956 /* Desafio 08 */ = {
			isa = PBXGroup;
			children = (
				6686E8222EB24499007B7956 /* Desafio_08App.swift */,
				6686E8242EB24499007B7956 /* ContentView.swift */,
				6686E84E2EB24E2E007B7956 /* DetailView.swift */,
				6686E84C2EB24649007B7956 /* ViewModel.swift */,
				6686E8262EB2449B007B7956 /* Assets.xcassets */,
				6686E8282EB2449B007B7956 /* Preview Content */,
			);
			path = "Desafio 08";
			sourceTree = "<group>";
		};
		6686E8282EB2449B007B7956 /* Preview Content */ = {
			isa = PBXGroup;
			children = (
				6686E8292EB2449B007B7956 /* Preview Assets.xcassets */,
			);
			path = "Preview Content";
			sourceTree = "<group>";
		};
		6686E8322EB2449B007B7956 /* Desafio 08Tests */ = {
			isa = PBXGroup;
			children = (
				6686E8332EB2449B007B7956 /* Desafio_08Tests.swift */,
			);
			path = "Desafio 08Tests";
			sourceTree = "<group>";
		};
		6686E83C2EB2449B007B7956 /* Desafio 08UITests */ = {
			isa = PBXGroup;
			children = (
				6686E83D2EB2449B007B7956 /* Desafio_08UITests.swift */,
				6686E83F2EB2449B007B7956 /* Desafio_08UITestsLaunchTests.swift */,
			);
			path = "Desafio 08UITests";
			sourceTree = "<group>";
		};
/* End PBXGroup section */

/* Begin PBXNativeTarget section */
		6686E81E2EB24499007B7956 /* Desafio 08 */ = {
			isa = PBXNativeTarget;
			buildConfigurationList = 6686E8432EB2449B007B7956 /* Build configuration list for PBXNativeTarget "Desafio 08" */;
			buildPhases = (
				6686E81B2EB24499007B7956 /* Sources */,
				6686E81C2EB24499007B7956 /* Frameworks */,
				6686E81D2EB24499007B7956 /* Resources */,
			);
			buildRules = (
			);
			dependencies = (
			);
			name = "Desafio 08";
			productName = "Desafio 08";
			productReference = 6686E81F2EB24499007B7956 /* Desafio 08.app */;
			productType = "com.apple.product-type.application";
		};
		6686E82E2EB2449B007B7956 /* Desafio 08Tests */ = {
			isa = PBXNativeTarget;
			buildConfigurationList = 6686E8462EB2449B007B7956 /* Build configuration list for PBXNativeTarget "Desafio 08Tests" */;
			buildPhases = (
				6686E82B2EB2449B007B7956 /* Sources */,
				6686E82C2EB2449B007B7956 /* Frameworks */,
				6686E82D2EB2449B007B7956 /* Resources */,
			);
			buildRules = (
			);
			dependencies = (
				6686E8312EB2449B007B7956 /* PBXTargetDependency */,
			);
			name = "Desafio 08Tests";
			productName = "Desafio 08Tests";
			productReference = 6686E82F2EB2449B007B7956 /* Desafio 08Tests.xctest */;
			productType = "com.apple.product-type.bundle.unit-test";
		};
		6686E8382EB2449B007B7956 /* Desafio 08UITests */ = {
			isa = PBXNativeTarget;
			buildConfigurationList = 6686E8492EB2449B007B7956 /* Build configuration list for PBXNativeTarget "Desafio 08UITests" */;
			buildPhases = (
				6686E8352EB2449B007B7956 /* Sources */,
				6686E8362EB2449B007B7956 /* Frameworks */,
				6686E8372EB2449B007B7956 /* Resources */,
			);
			buildRules = (
			);
			dependencies = (
				6686E83B2EB2449B007B7956 /* PBXTargetDependency */,
			);
			name = "Desafio 08UITests";
			productName = "Desafio 08UITests";
			productReference = 6686E8392EB2449B007B7956 /* Desafio 08UITests.xctest */;
			productType = "com.apple.product-type.bundle.ui-testing";
		};
/* End PBXNativeTarget section */

/* Begin PBXProject section */
		6686E8172EB24499007B7956 /* Project object */ = {
			isa = PBXProject;
			attributes = {
				BuildIndependentTargetsInParallel = 1;
				LastSwiftUpdateCheck = 1540;
				LastUpgradeCheck = 1540;
				TargetAttributes = {
					6686E81E2EB24499007B7956 = {
						CreatedOnToolsVersion = 15.4;
					};
					6686E82E2EB2449B007B7956 = {
						CreatedOnToolsVersion = 15.4;
						TestTargetID = 6686E81E2EB24499007B7956;
					};
					6686E8382EB2449B007B7956 = {
						CreatedOnToolsVersion = 15.4;
						TestTargetID = 6686E81E2EB24499007B7956;
					};
				};
			};
			buildConfigurationList = 6686E81A2EB24499007B7956 /* Build configuration list for PBXProject "Desafio 08" */;
			compatibilityVersion = "Xcode 14.0";
			developmentRegion = en;
			hasScannedForEncodings = 0;
			knownRegions = (
				en,
				Base,
			);
			mainGroup = 6686E8162EB24499007B7956;
			productRefGroup = 6686E8202EB24499007B7956 /* Products */;
			projectDirPath = "";
			projectRoot = "";
			targets = (
				6686E81E2EB24499007B7956 /* Desafio 08 */,
				6686E82E2EB2449B007B7956 /* Desafio 08Tests */,
				6686E8382EB2449B007B7956 /* Desafio 08UITests */,
			);
		};
/* End PBXProject section */

/* Begin PBXResourcesBuildPhase section */
		6686E81D2EB24499007B7956 /* Resources */ = {
			isa = PBXResourcesBuildPhase;
			buildActionMask = 2147483647;
			files = (
				6686E82A2EB2449B007B7956 /* Preview Assets.xcassets in Resources */,
				6686E8272EB2449B007B7956 /* Assets.xcassets in Resources */,
			);
			runOnlyForDeploymentPostprocessing = 0;
		};
		6686E82D2EB2449B007B7956 /* Resources */ = {
			isa = PBXResourcesBuildPhase;
			buildActionMask = 2147483647;
			files = (
			);
			runOnlyForDeploymentPostprocessing = 0;
		};
		6686E8372EB2449B007B7956 /* Resources */ = {
			isa = PBXResourcesBuildPhase;
			buildActionMask = 2147483647;
			files = (
			);
			runOnlyForDeploymentPostprocessing = 0;
		};
/* End PBXResourcesBuildPhase section */

/* Begin PBXSourcesBuildPhase section */
		6686E81B2EB24499007B7956 /* Sources */ = {
			isa = PBXSourcesBuildPhase;
			buildActionMask = 2147483647;
			files = (
				6686E8252EB24499007B7956 /* ContentView.swift in Sources */,
				6686E84F2EB24E2E007B7956 /* DetailView.swift in Sources */,
				6686E84D2EB24649007B7956 /* ViewModel.swift in Sources */,
				6686E8232EB24499007B7956 /* Desafio_08App.swift in Sources */,
			);
			runOnlyForDeploymentPostprocessing = 0;
		};
		6686E82B2EB2449B007B7956 /* Sources */ = {
			isa = PBXSourcesBuildPhase;
			buildActionMask = 2147483647;
			files = (
				6686E8342EB2449B007B7956 /* Desafio_08Tests.swift in Sources */,
			);
			runOnlyForDeploymentPostprocessing = 0;
		};
		6686E8352EB2449B007B7956 /* Sources */ = {
			isa = PBXSourcesBuildPhase;
			buildActionMask = 2147483647;
			files = (
				6686E8402EB2449B007B7956 /* Desafio_08UITestsLaunchTests.swift in Sources */,
				6686E83E2EB2449B007B7956 /* Desafio_08UITests.swift in Sources */,
			);
			runOnlyForDeploymentPostprocessing = 0;
		};
/* End PBXSourcesBuildPhase section */

/* Begin PBXTargetDependency section */
		6686E8312EB2449B007B7956 /* PBXTargetDependency */ = {
			isa = PBXTargetDependency;
			target = 6686E81E2EB24499007B7956 /* Desafio 08 */;
			targetProxy = 6686E8302EB2449B007B7956 /* PBXContainerItemProxy */;
		};
		6686E83B2EB2449B007B7956 /* PBXTargetDependency */ = {
			isa = PBXTargetDependency;
			target = 6686E81E2EB24499007B7956 /* Desafio 08 */;
			targetProxy = 6686E83A2EB2449B007B7956 /* PBXContainerItemProxy */;
		};
/* End PBXTargetDependency section */

/* Begin XCBuildConfiguration section */
		6686E8412EB2449B007B7956 /* Debug */ = {
			isa = XCBuildConfiguration;
			buildSettings = {
				ALWAYS_SEARCH_USER_PATHS = NO;
				ASSETCATALOG_COMPILER_GENERATE_SWIFT_ASSET_SYMBOL_EXTENSIONS = YES;
				CLANG_ANALYZER_NONNULL = YES;
				CLANG_ANALYZER_NUMBER_OBJECT_CONVERSION = YES_AGGRESSIVE;
				CLANG_CXX_LANGUAGE_STANDARD = "gnu++20";
				CLANG_ENABLE_MODULES = YES;
				CLANG_ENABLE_OBJC_ARC = YES;
				CLANG_ENABLE_OBJC_WEAK = YES;
				CLANG_WARN_BLOCK_CAPTURE_AUTORELEASING = YES;
				CLANG_WARN_BOOL_CONVERSION = YES;
				CLANG_WARN_COMMA = YES;
				CLANG_WARN_CONSTANT_CONVERSION = YES;
				CLANG_WARN_DEPRECATED_OBJC_IMPLEMENTATIONS = YES;
				CLANG_WARN_DIRECT_OBJC_ISA_USAGE = YES_ERROR;
				CLANG_WARN_DOCUMENTATION_COMMENTS = YES;
				CLANG_WARN_EMPTY_BODY = YES;
				CLANG_WARN_ENUM_CONVERSION = YES;
				CLANG_WARN_INFINITE_RECURSION = YES;
				CLANG_WARN_INT_CONVERSION = YES;
				CLANG_WARN_NON_LITERAL_NULL_CONVERSION = YES;
				CLANG_WARN_OBJC_IMPLICIT_RETAIN_SELF = YES;
				CLANG_WARN_OBJC_LITERAL_CONVERSION = YES;
				CLANG_WARN_OBJC_ROOT_CLASS = YES_ERROR;
				CLANG_WARN_QUOTED_INCLUDE_IN_FRAMEWORK_HEADER = YES;
				CLANG_WARN_RANGE_LOOP_ANALYSIS = YES;
				CLANG_WARN_STRICT_PROTOTYPES = YES;
				CLANG_WARN_SUSPICIOUS_MOVE = YES;
				CLANG_WARN_UNGUARDED_AVAILABILITY = YES_AGGRESSIVE;
				CLANG_WARN_UNREACHABLE_CODE = YES;
				CLANG_WARN__DUPLICATE_METHOD_MATCH = YES;
				COPY_PHASE_STRIP = NO;
				DEBUG_INFORMATION_FORMAT = dwarf;
				ENABLE_STRICT_OBJC_MSGSEND = YES;
				ENABLE_TESTABILITY = YES;
				ENABLE_USER_SCRIPT_SANDBOXING = YES;
				GCC_C_LANGUAGE_STANDARD = gnu17;
				GCC_DYNAMIC_NO_PIC = NO;
				GCC_NO_COMMON_BLOCKS = YES;
				GCC_OPTIMIZATION_LEVEL = 0;
				GCC_PREPROCESSOR_DEFINITIONS = (
					"DEBUG=1",
					"$(inherited)",
				);
				GCC_WARN_64_TO_32_BIT_CONVERSION = YES;
				GCC_WARN_ABOUT_RETURN_TYPE = YES_ERROR;
				GCC_WARN_UNDECLARED_SELECTOR = YES;
				GCC_WARN_UNINITIALIZED_AUTOS = YES_AGGRESSIVE;
				GCC_WARN_UNUSED_FUNCTION = YES;
				GCC_WARN_UNUSED_VARIABLE = YES;
				IPHONEOS_DEPLOYMENT_TARGET = 17.5;
				LOCALIZATION_PREFERS_STRING_CATALOGS = YES;
				MTL_ENABLE_DEBUG_INFO = INCLUDE_SOURCE;
				MTL_FAST_MATH = YES;
				ONLY_ACTIVE_ARCH = YES;
				SDKROOT = iphoneos;
				SWIFT_ACTIVE_COMPILATION_CONDITIONS = "DEBUG $(inherited)";
				SWIFT_OPTIMIZATION_LEVEL = "-Onone";
			};
			name = Debug;
		};
		6686E8422EB2449B007B7956 /* Release */ = {
			isa = XCBuildConfiguration;
			buildSettings = {
				ALWAYS_SEARCH_USER_PATHS = NO;
				ASSETCATALOG_COMPILER_GENERATE_SWIFT_ASSET_SYMBOL_EXTENSIONS = YES;
				CLANG_ANALYZER_NONNULL = YES;
				CLANG_ANALYZER_NUMBER_OBJECT_CONVERSION = YES_AGGRESSIVE;
				CLANG_CXX_LANGUAGE_STANDARD = "gnu++20";
				CLANG_ENABLE_MODULES = YES;
				CLANG_ENABLE_OBJC_ARC = YES;
				CLANG_ENABLE_OBJC_WEAK = YES;
				CLANG_WARN_BLOCK_CAPTURE_AUTORELEASING = YES;
				CLANG_WARN_BOOL_CONVERSION = YES;
				CLANG_WARN_COMMA = YES;
				CLANG_WARN_CONSTANT_CONVERSION = YES;
				CLANG_WARN_DEPRECATED_OBJC_IMPLEMENTATIONS = YES;
				CLANG_WARN_DIRECT_OBJC_ISA_USAGE = YES_ERROR;
				CLANG_WARN_DOCUMENTATION_COMMENTS = YES;
				CLANG_WARN_EMPTY_BODY = YES;
				CLANG_WARN_ENUM_CONVERSION = YES;
				CLANG_WARN_INFINITE_RECURSION = YES;
				CLANG_WARN_INT_CONVERSION = YES;
				CLANG_WARN_NON_LITERAL_NULL_CONVERSION = YES;
				CLANG_WARN_OBJC_IMPLICIT_RETAIN_SELF = YES;
				CLANG_WARN_OBJC_LITERAL_CONVERSION = YES;
				CLANG_WARN_OBJC_ROOT_CLASS = YES_ERROR;
				CLANG_WARN_QUOTED_INCLUDE_IN_FRAMEWORK_HEADER = YES;
				CLANG_WARN_RANGE_LOOP_ANALYSIS = YES;
				CLANG_WARN_STRICT_PROTOTYPES = YES;
				CLANG_WARN_SUSPICIOUS_MOVE = YES;
				CLANG_WARN_UNGUARDED_AVAILABILITY = YES_AGGRESSIVE;
				CLANG_WARN_UNREACHABLE_CODE = YES;
				CLANG_WARN__DUPLICATE_METHOD_MATCH = YES;
				COPY_PHASE_STRIP = NO;
				DEBUG_INFORMATION_FORMAT = "dwarf-with-dsym";
				ENABLE_NS_ASSERTIONS = NO;
				ENABLE_STRICT_OBJC_MSGSEND = YES;
				ENABLE_USER_SCRIPT_SANDBOXING = YES;
				GCC_C_LANGUAGE_STANDARD = gnu17;
				GCC_NO_COMMON_BLOCKS = YES;
				GCC_WARN_64_TO_32_BIT_CONVERSION = YES;
				GCC_WARN_ABOUT_RETURN_TYPE = YES_ERROR;
				GCC_WARN_UNDECLARED_SELECTOR = YES;
				GCC_WARN_UNINITIALIZED_AUTOS = YES_AGGRESSIVE;
				GCC_WARN_UNUSED_FUNCTION = YES;
				GCC_WARN_UNUSED_VARIABLE = YES;
				IPHONEOS_DEPLOYMENT_TARGET = 17.5;
				LOCALIZATION_PREFERS_STRING_CATALOGS = YES;
				MTL_ENABLE_DEBUG_INFO = NO;
				MTL_FAST_MATH = YES;
				SDKROOT = iphoneos;
				SWIFT_COMPILATION_MODE = wholemodule;
				VALIDATE_PRODUCT = YES;
			};
			name = Release;
		};
		6686E8442EB2449B007B7956 /* Debug */ = {
			isa = XCBuildConfiguration;
			buildSettings = {
				ASSETCATALOG_COMPILER_APPICON_NAME = AppIcon;
				ASSETCATALOG_COMPILER_GLOBAL_ACCENT_COLOR_NAME = AccentColor;
				CODE_SIGN_STYLE = Automatic;
				CURRENT_PROJECT_VERSION = 1;
				DEVELOPMENT_ASSET_PATHS = "\"Desafio 08/Preview Content\"";
				ENABLE_PREVIEWS = YES;
				GENERATE_INFOPLIST_FILE = YES;
				INFOPLIST_KEY_UIApplicationSceneManifest_Generation = YES;
				INFOPLIST_KEY_UIApplicationSupportsIndirectInputEvents = YES;
				INFOPLIST_KEY_UILaunchScreen_Generation = YES;
				INFOPLIST_KEY_UISupportedInterfaceOrientations_iPad = "UIInterfaceOrientationPortrait UIInterfaceOrientationPortraitUpsideDown UIInterfaceOrientationLandscapeLeft UIInterfaceOrientationLandscapeRight";
				INFOPLIST_KEY_UISupportedInterfaceOrientations_iPhone = "UIInterfaceOrientationPortrait UIInterfaceOrientationLandscapeLeft UIInterfaceOrientationLandscapeRight";
				LD_RUNPATH_SEARCH_PATHS = (
					"$(inherited)",
					"@executable_path/Frameworks",
				);
				MARKETING_VERSION = 1.0;
				PRODUCT_BUNDLE_IDENTIFIER = "luis.Desafio-08";
				PRODUCT_NAME = "$(TARGET_NAME)";
				SWIFT_EMIT_LOC_STRINGS = YES;
				SWIFT_VERSION = 5.0;
				TARGETED_DEVICE_FAMILY = "1,2";
			};
			name = Debug;
		};
		6686E8452EB2449B007B7956 /* Release */ = {
			isa = XCBuildConfiguration;
			buildSettings = {
				ASSETCATALOG_COMPILER_APPICON_NAME = AppIcon;
				ASSETCATALOG_COMPILER_GLOBAL_ACCENT_COLOR_NAME = AccentColor;
				CODE_SIGN_STYLE = Automatic;
				CURRENT_PROJECT_VERSION = 1;
				DEVELOPMENT_ASSET_PATHS = "\"Desafio 08/Preview Content\"";
				ENABLE_PREVIEWS = YES;
				GENERATE_INFOPLIST_FILE = YES;
				INFOPLIST_KEY_UIApplicationSceneManifest_Generation = YES;
				INFOPLIST_KEY_UIApplicationSupportsIndirectInputEvents = YES;
				INFOPLIST_KEY_UILaunchScreen_Generation = YES;
				INFOPLIST_KEY_UISupportedInterfaceOrientations_iPad = "UIInterfaceOrientationPortrait UIInterfaceOrientationPortraitUpsideDown UIInterfaceOrientationLandscapeLeft UIInterfaceOrientationLandscapeRight";
				INFOPLIST_KEY_UISupportedInterfaceOrientations_iPhone = "UIInterfaceOrientationPortrait UIInterfaceOrientationLandscapeLeft UIInterfaceOrientationLandscapeRight";
				LD_RUNPATH_SEARCH_PATHS = (
					"$(inherited)",
					"@executable_path/Frameworks",
				);
				MARKETING_VERSION = 1.0;
				PRODUCT_BUNDLE_IDENTIFIER = "luis.Desafio-08";
				PRODUCT_NAME = "$(TARGET_NAME)";
				SWIFT_EMIT_LOC_STRINGS = YES;
				SWIFT_VERSION = 5.0;
				TARGETED_DEVICE_FAMILY = "1,2";
			};
			name = Release;
		};
		6686E8472EB2449B007B7956 /* Debug */ = {
			isa = XCBuildConfiguration;
			buildSettings = {
				ALWAYS_EMBED_SWIFT_STANDARD_LIBRARIES = YES;
				BUNDLE_LOADER = "$(TEST_HOST)";
				CODE_SIGN_STYLE = Automatic;
				CURRENT_PROJECT_VERSION = 1;
				GENERATE_INFOPLIST_FILE = YES;
				IPHONEOS_DEPLOYMENT_TARGET = 17.5;
				MARKETING_VERSION = 1.0;
				PRODUCT_BUNDLE_IDENTIFIER = "luis.Desafio-08Tests";
				PRODUCT_NAME = "$(TARGET_NAME)";
				SWIFT_EMIT_LOC_STRINGS = NO;
				SWIFT_VERSION = 5.0;
				TARGETED_DEVICE_FAMILY = "1,2";
				TEST_HOST = "$(BUILT_PRODUCTS_DIR)/Desafio 08.app/$(BUNDLE_EXECUTABLE_FOLDER_PATH)/Desafio 08";
			};
			name = Debug;
		};
		6686E8482EB2449B007B7956 /* Release */ = {
			isa = XCBuildConfiguration;
			buildSettings = {
				ALWAYS_EMBED_SWIFT_STANDARD_LIBRARIES = YES;
				BUNDLE_LOADER = "$(TEST_HOST)";
				CODE_SIGN_STYLE = Automatic;
				CURRENT_PROJECT_VERSION = 1;
				GENERATE_INFOPLIST_FILE = YES;
				IPHONEOS_DEPLOYMENT_TARGET = 17.5;
				MARKETING_VERSION = 1.0;
				PRODUCT_BUNDLE_IDENTIFIER = "luis.Desafio-08Tests";
				PRODUCT_NAME = "$(TARGET_NAME)";
				SWIFT_EMIT_LOC_STRINGS = NO;
				SWIFT_VERSION = 5.0;
				TARGETED_DEVICE_FAMILY = "1,2";
				TEST_HOST = "$(BUILT_PRODUCTS_DIR)/Desafio 08.app/$(BUNDLE_EXECUTABLE_FOLDER_PATH)/Desafio 08";
			};
			name = Release;
		};
		6686E84A2EB2449B007B7956 /* Debug */ = {
			isa = XCBuildConfiguration;
			buildSettings = {
				ALWAYS_EMBED_SWIFT_STANDARD_LIBRARIES = YES;
				CODE_SIGN_STYLE = Automatic;
				CURRENT_PROJECT_VERSION = 1;
				GENERATE_INFOPLIST_FILE = YES;
				MARKETING_VERSION = 1.0;
				PRODUCT_BUNDLE_IDENTIFIER = "luis.Desafio-08UITests";
				PRODUCT_NAME = "$(TARGET_NAME)";
				SWIFT_EMIT_LOC_STRINGS = NO;
				SWIFT_VERSION = 5.0;
				TARGETED_DEVICE_FAMILY = "1,2";
				TEST_TARGET_NAME = "Desafio 08";
			};
			name = Debug;
		};
		6686E84B2EB2449B007B7956 /* Release */ = {
			isa = XCBuildConfiguration;
			buildSettings = {
				ALWAYS_EMBED_SWIFT_STANDARD_LIBRARIES = YES;
				CODE_SIGN_STYLE = Automatic;
				CURRENT_PROJECT_VERSION = 1;
				GENERATE_INFOPLIST_FILE = YES;
				MARKETING_VERSION = 1.0;
				PRODUCT_BUNDLE_IDENTIFIER = "luis.Desafio-08UITests";
				PRODUCT_NAME = "$(TARGET_NAME)";
				SWIFT_EMIT_LOC_STRINGS = NO;
				SWIFT_VERSION = 5.0;
				TARGETED_DEVICE_FAMILY = "1,2";
				TEST_TARGET_NAME = "Desafio 08";
			};
			name = Release;
		};
/* End XCBuildConfiguration section */

/* Begin XCConfigurationList section */
		6686E81A2EB24499007B7956 /* Build configuration list for PBXProject "Desafio 08" */ = {
			isa = XCConfigurationList;
			buildConfigurations = (
				6686E8412EB2449B007B7956 /* Debug */,
				6686E8422EB2449B007B7956 /* Release */,
			);
			defaultConfigurationIsVisible = 0;
			defaultConfigurationName = Release;
		};
		6686E8432EB2449B007B7956 /* Build configuration list for PBXNativeTarget "Desafio 08" */ = {
			isa = XCConfigurationList;
			buildConfigurations = (
				6686E8442EB2449B007B7956 /* Debug */,
				6686E8452EB2449B007B7956 /* Release */,
			);
			defaultConfigurationIsVisible = 0;
			defaultConfigurationName = Release;
		};
		6686E8462EB2449B007B7956 /* Build configuration list for PBXNativeTarget "Desafio 08Tests" */ = {
			isa = XCConfigurationList;
			buildConfigurations = (
				6686E8472EB2449B007B7956 /* Debug */,
				6686E8482EB2449B007B7956 /* Release */,
			);
			defaultConfigurationIsVisible = 0;
			defaultConfigurationName = Release;
		};
		6686E8492EB2449B007B7956 /* Build configuration list for PBXNativeTarget "Desafio 08UITests" */ = {
			isa = XCConfigurationList;
			buildConfigurations = (
				6686E84A2EB2449B007B7956 /* Debug */,
				6686E84B2EB2449B007B7956 /* Release */,
			);
			defaultConfigurationIsVisible = 0;
			defaultConfigurationName = Release;
		};
/* End XCConfigurationList section */
	};
	rootObject = 6686E8172EB24499007B7956 /* Project object */;
}
