// !$*UTF8*$!
{
	archiveVersion = 1;
	classes = {
	};
	objectVersion = 56;
	objects = {

/* Begin PBXBuildFile section */
		66AB0E682EBA2436005FBF3D /* Desafio_11App.swift in Sources */ = {isa = PBXBuildFile; fileRef = 66AB0E672EBA2436005FBF3D /* Desafio_11App.swift */; };
		66AB0E6A2EBA2436005FBF3D /* ContentView.swift in Sources */ = {isa = PBXBuildFile; fileRef = 66AB0E692EBA2436005FBF3D /* ContentView.swift */; };
		66AB0E6C2EBA2438005FBF3D /* Assets.xcassets in Resources */ = {isa = PBXBuildFile; fileRef = 66AB0E6B2EBA2438005FBF3D /* Assets.xcassets */; };
		66AB0E6F2EBA2438005FBF3D /* Preview Assets.xcassets in Resources */ = {isa = PBXBuildFile; fileRef = 66AB0E6E2EBA2438005FBF3D /* Preview Assets.xcassets */; };
		66AB0E792EBA2438005FBF3D /* Desafio_11Tests.swift in Sources */ = {isa = PBXBuildFile; fileRef = 66AB0E782EBA2438005FBF3D /* Desafio_11Tests.swift */; };
		66AB0E832EBA2438005FBF3D /* Desafio_11UITests.swift in Sources */ = {isa = PBXBuildFile; fileRef = 66AB0E822EBA2438005FBF3D /* Desafio_11UITests.swift */; };
		66AB0E852EBA2438005FBF3D /* Desafio_11UITestsLaunchTests.swift in Sources */ = {isa = PBXBuildFile; fileRef = 66AB0E842EBA2438005FBF3D /* Desafio_11UITestsLaunchTests.swift */; };
		66AB0E932EBA2555005FBF3D /* GoogleGenerativeAI in Frameworks */ = {isa = PBXBuildFile; productRef = 66AB0E922EBA2555005FBF3D /* GoogleGenerativeAI */; };
		66AB0E972EBA262A005FBF3D /* APIKey.swift in Sources */ = {isa = PBXBuildFile; fileRef = 66AB0E962EBA262A005FBF3D /* APIKey.swift */; };
		66AB0E9B2EBA2CF3005FBF3D /* GenerativeAI-Info.plist in Resources */ = {isa = PBXBuildFile; fileRef = 66AB0E9A2EBA2CF3005FBF3D /* GenerativeAI-Info.plist */; };
/* End PBXBuildFile section */

/* Begin PBXContainerItemProxy section */
		66AB0E752EBA2438005FBF3D /* PBXContainerItemProxy */ = {
			isa = PBXContainerItemProxy;
			containerPortal = 66AB0E5C2EBA2436005FBF3D /* Project object */;
			proxyType = 1;
			remoteGlobalIDString = 66AB0E632EBA2436005FBF3D;
			remoteInfo = "Desafio 11";
		};
		66AB0E7F2EBA2438005FBF3D /* PBXContainerItemProxy */ = {
			isa = PBXContainerItemProxy;
			containerPortal = 66AB0E5C2EBA2436005FBF3D /* Project object */;
			proxyType = 1;
			remoteGlobalIDString = 66AB0E632EBA2436005FBF3D;
			remoteInfo = "Desafio 11";
		};
/* End PBXContainerItemProxy section */

/* Begin PBXFileReference section */
		66AB0E642EBA2436005FBF3D /* Desafio 11.app */ = {isa = PBXFileReference; explicitFileType = wrapper.application; includeInIndex = 0; path = "Desafio 11.app"; sourceTree = BUILT_PRODUCTS_DIR; };
		66AB0E672EBA2436005FBF3D /* Desafio_11App.swift */ = {isa = PBXFileReference; lastKnownFileType = sourcecode.swift; path = Desafio_11App.swift; sourceTree = "<group>"; };
		66AB0E692EBA2436005FBF3D /* ContentView.swift */ = {isa = PBXFileReference; lastKnownFileType = sourcecode.swift; path = ContentView.swift; sourceTree = "<group>"; };
		66AB0E6B2EBA2438005FBF3D /* Assets.xcassets */ = {isa = PBXFileReference; lastKnownFileType = folder.assetcatalog; path = Assets.xcassets; sourceTree = "<group>"; };
		66AB0E6E2EBA2438005FBF3D /* Preview Assets.xcassets */ = {isa = PBXFileReference; lastKnownFileType = folder.assetcatalog; path = "Preview Assets.xcassets"; sourceTree = "<group>"; };
		66AB0E742EBA2438005FBF3D /* Desafio 11Tests.xctest */ = {isa = PBXFileReference; explicitFileType = wrapper.cfbundle; includeInIndex = 0; path = "Desafio 11Tests.xctest"; sourceTree = BUILT_PRODUCTS_DIR; };
		66AB0E782EBA2438005FBF3D /* Desafio_11Tests.swift */ = {isa = PBXFileReference; lastKnownFileType = sourcecode.swift; path = Desafio_11Tests.swift; sourceTree = "<group>"; };
		66AB0E7E2EBA2438005FBF3D /* Desafio 11UITests.xctest */ = {isa = PBXFileReference; explicitFileType = wrapper.cfbundle; includeInIndex = 0; path = "Desafio 11UITests.xctest"; sourceTree = BUILT_PRODUCTS_DIR; };
		66AB0E822EBA2438005FBF3D /* Desafio_11UITests.swift */ = {isa = PBXFileReference; lastKnownFileType = sourcecode.swift; path = Desafio_11UITests.swift; sourceTree = "<group>"; };
		66AB0E842EBA2438005FBF3D /* Desafio_11UITestsLaunchTests.swift */ = {isa = PBXFileReference; lastKnownFileType = sourcecode.swift; path = Desafio_11UITestsLaunchTests.swift; sourceTree = "<group>"; };
		66AB0E962EBA262A005FBF3D /* APIKey.swift */ = {isa = PBXFileReference; lastKnownFileType = sourcecode.swift; path = APIKey.swift; sourceTree = "<group>"; };
		66AB0E9A2EBA2CF3005FBF3D /* GenerativeAI-Info.plist */ = {isa = PBXFileReference; lastKnownFileType = text.plist.xml; path = "GenerativeAI-Info.plist"; sourceTree = "<group>"; };
/* End PBXFileReference section */

/* Begin PBXFrameworksBuildPhase section */
		66AB0E612EBA2436005FBF3D /* Frameworks */ = {
			isa = PBXFrameworksBuildPhase;
			buildActionMask = 2147483647;
			files = (
				66AB0E932EBA2555005FBF3D /* GoogleGenerativeAI in Frameworks */,
			);
			runOnlyForDeploymentPostprocessing = 0;
		};
		66AB0E712EBA2438005FBF3D /* Frameworks */ = {
			isa = PBXFrameworksBuildPhase;
			buildActionMask = 2147483647;
			files = (
			);
			runOnlyForDeploymentPostprocessing = 0;
		};
		66AB0E7B2EBA2438005FBF3D /* Frameworks */ = {
			isa = PBXFrameworksBuildPhase;
			buildActionMask = 2147483647;
			files = (
			);
			runOnlyForDeploymentPostprocessing = 0;
		};
/* End PBXFrameworksBuildPhase section */

/* Begin PBXGroup section */
		66AB0E5B2EBA2436005FBF3D = {
			isa = PBXGroup;
			children = (
				66AB0E662EBA2436005FBF3D /* Desafio 11 */,
				66AB0E772EBA2438005FBF3D /* Desafio 11Tests */,
				66AB0E812EBA2438005FBF3D /* Desafio 11UITests */,
				66AB0E652EBA2436005FBF3D /* Products */,
			);
			sourceTree = "<group>";
		};
		66AB0E652EBA2436005FBF3D /* Products */ = {
			isa = PBXGroup;
			children = (
				66AB0E642EBA2436005FBF3D /* Desafio 11.app */,
				66AB0E742EBA2438005FBF3D /* Desafio 11Tests.xctest */,
				66AB0E7E2EBA2438005FBF3D /* Desafio 11UITests.xctest */,
			);
			name = Products;
			sourceTree = "<group>";
		};
		66AB0E662EBA2436005FBF3D /* Desafio 11 */ = {
			isa = PBXGroup;
			children = (
				66AB0E672EBA2436005FBF3D /* Desafio_11App.swift */,
				66AB0E692EBA2436005FBF3D /* ContentView.swift */,
				66AB0E962EBA262A005FBF3D /* APIKey.swift */,
				66AB0E9A2EBA2CF3005FBF3D /* GenerativeAI-Info.plist */,
				66AB0E6B2EBA2438005FBF3D /* Assets.xcassets */,
				66AB0E6D2EBA2438005FBF3D /* Preview Content */,
			);
			path = "Desafio 11";
			sourceTree = "<group>";
		};
		66AB0E6D2EBA2438005FBF3D /* Preview Content */ = {
			isa = PBXGroup;
			children = (
				66AB0E6E2EBA2438005FBF3D /* Preview Assets.xcassets */,
			);
			path = "Preview Content";
			sourceTree = "<group>";
		};
		66AB0E772EBA2438005FBF3D /* Desafio 11Tests */ = {
			isa = PBXGroup;
			children = (
				66AB0E782EBA2438005FBF3D /* Desafio_11Tests.swift */,
			);
			path = "Desafio 11Tests";
			sourceTree = "<group>";
		};
		66AB0E812EBA2438005FBF3D /* Desafio 11UITests */ = {
			isa = PBXGroup;
			children = (
				66AB0E822EBA2438005FBF3D /* Desafio_11UITests.swift */,
				66AB0E842EBA2438005FBF3D /* Desafio_11UITestsLaunchTests.swift */,
			);
			path = "Desafio 11UITests";
			sourceTree = "<group>";
		};
/* End PBXGroup section */

/* Begin PBXNativeTarget section */
		66AB0E632EBA2436005FBF3D /* Desafio 11 */ = {
			isa = PBXNativeTarget;
			buildConfigurationList = 66AB0E882EBA2438005FBF3D /* Build configuration list for PBXNativeTarget "Desafio 11" */;
			buildPhases = (
				66AB0E602EBA2436005FBF3D /* Sources */,
				66AB0E612EBA2436005FBF3D /* Frameworks */,
				66AB0E622EBA2436005FBF3D /* Resources */,
			);
			buildRules = (
			);
			dependencies = (
			);
			name = "Desafio 11";
			packageProductDependencies = (
				66AB0E922EBA2555005FBF3D /* GoogleGenerativeAI */,
			);
			productName = "Desafio 11";
			productReference = 66AB0E642EBA2436005FBF3D /* Desafio 11.app */;
			productType = "com.apple.product-type.application";
		};
		66AB0E732EBA2438005FBF3D /* Desafio 11Tests */ = {
			isa = PBXNativeTarget;
			buildConfigurationList = 66AB0E8B2EBA2438005FBF3D /* Build configuration list for PBXNativeTarget "Desafio 11Tests" */;
			buildPhases = (
				66AB0E702EBA2438005FBF3D /* Sources */,
				66AB0E712EBA2438005FBF3D /* Frameworks */,
				66AB0E722EBA2438005FBF3D /* Resources */,
			);
			buildRules = (
			);
			dependencies = (
				66AB0E762EBA2438005FBF3D /* PBXTargetDependency */,
			);
			name = "Desafio 11Tests";
			productName = "Desafio 11Tests";
			productReference = 66AB0E742EBA2438005FBF3D /* Desafio 11Tests.xctest */;
			productType = "com.apple.product-type.bundle.unit-test";
		};
		66AB0E7D2EBA2438005FBF3D /* Desafio 11UITests */ = {
			isa = PBXNativeTarget;
			buildConfigurationList = 66AB0E8E2EBA2438005FBF3D /* Build configuration list for PBXNativeTarget "Desafio 11UITests" */;
			buildPhases = (
				66AB0E7A2EBA2438005FBF3D /* Sources */,
				66AB0E7B2EBA2438005FBF3D /* Frameworks */,
				66AB0E7C2EBA2438005FBF3D /* Resources */,
			);
			buildRules = (
			);
			dependencies = (
				66AB0E802EBA2438005FBF3D /* PBXTargetDependency */,
			);
			name = "Desafio 11UITests";
			productName = "Desafio 11UITests";
			productReference = 66AB0E7E2EBA2438005FBF3D /* Desafio 11UITests.xctest */;
			productType = "com.apple.product-type.bundle.ui-testing";
		};
/* End PBXNativeTarget section */

/* Begin PBXProject section */
		66AB0E5C2EBA2436005FBF3D /* Project object */ = {
			isa = PBXProject;
			attributes = {
				BuildIndependentTargetsInParallel = 1;
				LastSwiftUpdateCheck = 1540;
				LastUpgradeCheck = 1540;
				TargetAttributes = {
					66AB0E632EBA2436005FBF3D = {
						CreatedOnToolsVersion = 15.4;
					};
					66AB0E732EBA2438005FBF3D = {
						CreatedOnToolsVersion = 15.4;
						TestTargetID = 66AB0E632EBA2436005FBF3D;
					};
					66AB0E7D2EBA2438005FBF3D = {
						CreatedOnToolsVersion = 15.4;
						TestTargetID = 66AB0E632EBA2436005FBF3D;
					};
				};
			};
			buildConfigurationList = 66AB0E5F2EBA2436005FBF3D /* Build configuration list for PBXProject "Desafio 11" */;
			compatibilityVersion = "Xcode 14.0";
			developmentRegion = en;
			hasScannedForEncodings = 0;
			knownRegions = (
				en,
				Base,
			);
			mainGroup = 66AB0E5B2EBA2436005FBF3D;
			packageReferences = (
				66AB0E912EBA2555005FBF3D /* XCRemoteSwiftPackageReference "deprecated-generative-ai-swift" */,
			);
			productRefGroup = 66AB0E652EBA2436005FBF3D /* Products */;
			projectDirPath = "";
			projectRoot = "";
			targets = (
				66AB0E632EBA2436005FBF3D /* Desafio 11 */,
				66AB0E732EBA2438005FBF3D /* Desafio 11Tests */,
				66AB0E7D2EBA2438005FBF3D /* Desafio 11UITests */,
			);
		};
/* End PBXProject section */

/* Begin PBXResourcesBuildPhase section */
		66AB0E622EBA2436005FBF3D /* Resources */ = {
			isa = PBXResourcesBuildPhase;
			buildActionMask = 2147483647;
			files = (
				66AB0E6F2EBA2438005FBF3D /* Preview Assets.xcassets in Resources */,
				66AB0E6C2EBA2438005FBF3D /* Assets.xcassets in Resources */,
				66AB0E9B2EBA2CF3005FBF3D /* GenerativeAI-Info.plist in Resources */,
			);
			runOnlyForDeploymentPostprocessing = 0;
		};
		66AB0E722EBA2438005FBF3D /* Resources */ = {
			isa = PBXResourcesBuildPhase;
			buildActionMask = 2147483647;
			files = (
			);
			runOnlyForDeploymentPostprocessing = 0;
		};
		66AB0E7C2EBA2438005FBF3D /* Resources */ = {
			isa = PBXResourcesBuildPhase;
			buildActionMask = 2147483647;
			files = (
			);
			runOnlyForDeploymentPostprocessing = 0;
		};
/* End PBXResourcesBuildPhase section */

/* Begin PBXSourcesBuildPhase section */
		66AB0E602EBA2436005FBF3D /* Sources */ = {
			isa = PBXSourcesBuildPhase;
			buildActionMask = 2147483647;
			files = (
				66AB0E6A2EBA2436005FBF3D /* ContentView.swift in Sources */,
				66AB0E972EBA262A005FBF3D /* APIKey.swift in Sources */,
				66AB0E682EBA2436005FBF3D /* Desafio_11App.swift in Sources */,
			);
			runOnlyForDeploymentPostprocessing = 0;
		};
		66AB0E702EBA2438005FBF3D /* Sources */ = {
			isa = PBXSourcesBuildPhase;
			buildActionMask = 2147483647;
			files = (
				66AB0E792EBA2438005FBF3D /* Desafio_11Tests.swift in Sources */,
			);
			runOnlyForDeploymentPostprocessing = 0;
		};
		66AB0E7A2EBA2438005FBF3D /* Sources */ = {
			isa = PBXSourcesBuildPhase;
			buildActionMask = 2147483647;
			files = (
				66AB0E852EBA2438005FBF3D /* Desafio_11UITestsLaunchTests.swift in Sources */,
				66AB0E832EBA2438005FBF3D /* Desafio_11UITests.swift in Sources */,
			);
			runOnlyForDeploymentPostprocessing = 0;
		};
/* End PBXSourcesBuildPhase section */

/* Begin PBXTargetDependency section */
		66AB0E762EBA2438005FBF3D /* PBXTargetDependency */ = {
			isa = PBXTargetDependency;
			target = 66AB0E632EBA2436005FBF3D /* Desafio 11 */;
			targetProxy = 66AB0E752EBA2438005FBF3D /* PBXContainerItemProxy */;
		};
		66AB0E802EBA2438005FBF3D /* PBXTargetDependency */ = {
			isa = PBXTargetDependency;
			target = 66AB0E632EBA2436005FBF3D /* Desafio 11 */;
			targetProxy = 66AB0E7F2EBA2438005FBF3D /* PBXContainerItemProxy */;
		};
/* End PBXTargetDependency section */

/* Begin XCBuildConfiguration section */
		66AB0E862EBA2438005FBF3D /* Debug */ = {
			isa = XCBuildConfiguration;
			buildSettings = {
				ALWAYS_SEARCH_USER_PATHS = NO;
				ASSETCATALOG_COMPILER_GENERATE_SWIFT_ASSET_SYMBOL_EXTENSIONS = YES;
				CLANG_ANALYZER_NONNULL = YES;
				CLANG_ANALYZER_NUMBER_OBJECT_CONVERSION = YES_AGGRESSIVE;
				CLANG_CXX_LANGUAGE_STANDARD = "gnu++20";
				CLANG_ENABLE_MODULES = YES;
				CLANG_ENABLE_OBJC_ARC = YES;
				CLANG_ENABLE_OBJC_WEAK = YES;
				CLANG_WARN_BLOCK_CAPTURE_AUTORELEASING = YES;
				CLANG_WARN_BOOL_CONVERSION = YES;
				CLANG_WARN_COMMA = YES;
				CLANG_WARN_CONSTANT_CONVERSION = YES;
				CLANG_WARN_DEPRECATED_OBJC_IMPLEMENTATIONS = YES;
				CLANG_WARN_DIRECT_OBJC_ISA_USAGE = YES_ERROR;
				CLANG_WARN_DOCUMENTATION_COMMENTS = YES;
				CLANG_WARN_EMPTY_BODY = YES;
				CLANG_WARN_ENUM_CONVERSION = YES;
				CLANG_WARN_INFINITE_RECURSION = YES;
				CLANG_WARN_INT_CONVERSION = YES;
				CLANG_WARN_NON_LITERAL_NULL_CONVERSION = YES;
				CLANG_WARN_OBJC_IMPLICIT_RETAIN_SELF = YES;
				CLANG_WARN_OBJC_LITERAL_CONVERSION = YES;
				CLANG_WARN_OBJC_ROOT_CLASS = YES_ERROR;
				CLANG_WARN_QUOTED_INCLUDE_IN_FRAMEWORK_HEADER = YES;
				CLANG_WARN_RANGE_LOOP_ANALYSIS = YES;
				CLANG_WARN_STRICT_PROTOTYPES = YES;
				CLANG_WARN_SUSPICIOUS_MOVE = YES;
				CLANG_WARN_UNGUARDED_AVAILABILITY = YES_AGGRESSIVE;
				CLANG_WARN_UNREACHABLE_CODE = YES;
				CLANG_WARN__DUPLICATE_METHOD_MATCH = YES;
				COPY_PHASE_STRIP = NO;
				DEBUG_INFORMATION_FORMAT = dwarf;
				ENABLE_STRICT_OBJC_MSGSEND = YES;
				ENABLE_TESTABILITY = YES;
				ENABLE_USER_SCRIPT_SANDBOXING = YES;
				GCC_C_LANGUAGE_STANDARD = gnu17;
				GCC_DYNAMIC_NO_PIC = NO;
				GCC_NO_COMMON_BLOCKS = YES;
				GCC_OPTIMIZATION_LEVEL = 0;
				GCC_PREPROCESSOR_DEFINITIONS = (
					"DEBUG=1",
					"$(inherited)",
				);
				GCC_WARN_64_TO_32_BIT_CONVERSION = YES;
				GCC_WARN_ABOUT_RETURN_TYPE = YES_ERROR;
				GCC_WARN_UNDECLARED_SELECTOR = YES;
				GCC_WARN_UNINITIALIZED_AUTOS = YES_AGGRESSIVE;
				GCC_WARN_UNUSED_FUNCTION = YES;
				GCC_WARN_UNUSED_VARIABLE = YES;
				IPHONEOS_DEPLOYMENT_TARGET = 17.5;
				LOCALIZATION_PREFERS_STRING_CATALOGS = YES;
				MTL_ENABLE_DEBUG_INFO = INCLUDE_SOURCE;
				MTL_FAST_MATH = YES;
				ONLY_ACTIVE_ARCH = YES;
				SDKROOT = iphoneos;
				SWIFT_ACTIVE_COMPILATION_CONDITIONS = "DEBUG $(inherited)";
				SWIFT_OPTIMIZATION_LEVEL = "-Onone";
			};
			name = Debug;
		};
		66AB0E872EBA2438005FBF3D /* Release */ = {
			isa = XCBuildConfiguration;
			buildSettings = {
				ALWAYS_SEARCH_USER_PATHS = NO;
				ASSETCATALOG_COMPILER_GENERATE_SWIFT_ASSET_SYMBOL_EXTENSIONS = YES;
				CLANG_ANALYZER_NONNULL = YES;
				CLANG_ANALYZER_NUMBER_OBJECT_CONVERSION = YES_AGGRESSIVE;
				CLANG_CXX_LANGUAGE_STANDARD = "gnu++20";
				CLANG_ENABLE_MODULES = YES;
				CLANG_ENABLE_OBJC_ARC = YES;
				CLANG_ENABLE_OBJC_WEAK = YES;
				CLANG_WARN_BLOCK_CAPTURE_AUTORELEASING = YES;
				CLANG_WARN_BOOL_CONVERSION = YES;
				CLANG_WARN_COMMA = YES;
				CLANG_WARN_CONSTANT_CONVERSION = YES;
				CLANG_WARN_DEPRECATED_OBJC_IMPLEMENTATIONS = YES;
				CLANG_WARN_DIRECT_OBJC_ISA_USAGE = YES_ERROR;
				CLANG_WARN_DOCUMENTATION_COMMENTS = YES;
				CLANG_WARN_EMPTY_BODY = YES;
				CLANG_WARN_ENUM_CONVERSION = YES;
				CLANG_WARN_INFINITE_RECURSION = YES;
				CLANG_WARN_INT_CONVERSION = YES;
				CLANG_WARN_NON_LITERAL_NULL_CONVERSION = YES;
				CLANG_WARN_OBJC_IMPLICIT_RETAIN_SELF = YES;
				CLANG_WARN_OBJC_LITERAL_CONVERSION = YES;
				CLANG_WARN_OBJC_ROOT_CLASS = YES_ERROR;
				CLANG_WARN_QUOTED_INCLUDE_IN_FRAMEWORK_HEADER = YES;
				CLANG_WARN_RANGE_LOOP_ANALYSIS = YES;
				CLANG_WARN_STRICT_PROTOTYPES = YES;
				CLANG_WARN_SUSPICIOUS_MOVE = YES;
				CLANG_WARN_UNGUARDED_AVAILABILITY = YES_AGGRESSIVE;
				CLANG_WARN_UNREACHABLE_CODE = YES;
				CLANG_WARN__DUPLICATE_METHOD_MATCH = YES;
				COPY_PHASE_STRIP = NO;
				DEBUG_INFORMATION_FORMAT = "dwarf-with-dsym";
				ENABLE_NS_ASSERTIONS = NO;
				ENABLE_STRICT_OBJC_MSGSEND = YES;
				ENABLE_USER_SCRIPT_SANDBOXING = YES;
				GCC_C_LANGUAGE_STANDARD = gnu17;
				GCC_NO_COMMON_BLOCKS = YES;
				GCC_WARN_64_TO_32_BIT_CONVERSION = YES;
				GCC_WARN_ABOUT_RETURN_TYPE = YES_ERROR;
				GCC_WARN_UNDECLARED_SELECTOR = YES;
				GCC_WARN_UNINITIALIZED_AUTOS = YES_AGGRESSIVE;
				GCC_WARN_UNUSED_FUNCTION = YES;
				GCC_WARN_UNUSED_VARIABLE = YES;
				IPHONEOS_DEPLOYMENT_TARGET = 17.5;
				LOCALIZATION_PREFERS_STRING_CATALOGS = YES;
				MTL_ENABLE_DEBUG_INFO = NO;
				MTL_FAST_MATH = YES;
				SDKROOT = iphoneos;
				SWIFT_COMPILATION_MODE = wholemodule;
				VALIDATE_PRODUCT = YES;
			};
			name = Release;
		};
		66AB0E892EBA2438005FBF3D /* Debug */ = {
			isa = XCBuildConfiguration;
			buildSettings = {
				ASSETCATALOG_COMPILER_APPICON_NAME = AppIcon;
				ASSETCATALOG_COMPILER_GLOBAL_ACCENT_COLOR_NAME = AccentColor;
				CODE_SIGN_STYLE = Automatic;
				CURRENT_PROJECT_VERSION = 1;
				DEVELOPMENT_ASSET_PATHS = "\"Desafio 11/Preview Content\"";
				ENABLE_PREVIEWS = YES;
				GENERATE_INFOPLIST_FILE = YES;
				INFOPLIST_KEY_UIApplicationSceneManifest_Generation = YES;
				INFOPLIST_KEY_UIApplicationSupportsIndirectInputEvents = YES;
				INFOPLIST_KEY_UILaunchScreen_Generation = YES;
				INFOPLIST_KEY_UISupportedInterfaceOrientations_iPad = "UIInterfaceOrientationPortrait UIInterfaceOrientationPortraitUpsideDown UIInterfaceOrientationLandscapeLeft UIInterfaceOrientationLandscapeRight";
				INFOPLIST_KEY_UISupportedInterfaceOrientations_iPhone = "UIInterfaceOrientationPortrait UIInterfaceOrientationLandscapeLeft UIInterfaceOrientationLandscapeRight";
				LD_RUNPATH_SEARCH_PATHS = (
					"$(inherited)",
					"@executable_path/Frameworks",
				);
				MARKETING_VERSION = 1.0;
				PRODUCT_BUNDLE_IDENTIFIER = "luis.Desafio-11";
				PRODUCT_NAME = "$(TARGET_NAME)";
				SWIFT_EMIT_LOC_STRINGS = YES;
				SWIFT_VERSION = 5.0;
				TARGETED_DEVICE_FAMILY = "1,2";
			};
			name = Debug;
		};
		66AB0E8A2EBA2438005FBF3D /* Release */ = {
			isa = XCBuildConfiguration;
			buildSettings = {
				ASSETCATALOG_COMPILER_APPICON_NAME = AppIcon;
				ASSETCATALOG_COMPILER_GLOBAL_ACCENT_COLOR_NAME = AccentColor;
				CODE_SIGN_STYLE = Automatic;
				CURRENT_PROJECT_VERSION = 1;
				DEVELOPMENT_ASSET_PATHS = "\"Desafio 11/Preview Content\"";
				ENABLE_PREVIEWS = YES;
				GENERATE_INFOPLIST_FILE = YES;
				INFOPLIST_KEY_UIApplicationSceneManifest_Generation = YES;
				INFOPLIST_KEY_UIApplicationSupportsIndirectInputEvents = YES;
				INFOPLIST_KEY_UILaunchScreen_Generation = YES;
				INFOPLIST_KEY_UISupportedInterfaceOrientations_iPad = "UIInterfaceOrientationPortrait UIInterfaceOrientationPortraitUpsideDown UIInterfaceOrientationLandscapeLeft UIInterfaceOrientationLandscapeRight";
				INFOPLIST_KEY_UISupportedInterfaceOrientations_iPhone = "UIInterfaceOrientationPortrait UIInterfaceOrientationLandscapeLeft UIInterfaceOrientationLandscapeRight";
				LD_RUNPATH_SEARCH_PATHS = (
					"$(inherited)",
					"@executable_path/Frameworks",
				);
				MARKETING_VERSION = 1.0;
				PRODUCT_BUNDLE_IDENTIFIER = "luis.Desafio-11";
				PRODUCT_NAME = "$(TARGET_NAME)";
				SWIFT_EMIT_LOC_STRINGS = YES;
				SWIFT_VERSION = 5.0;
				TARGETED_DEVICE_FAMILY = "1,2";
			};
			name = Release;
		};
		66AB0E8C2EBA2438005FBF3D /* Debug */ = {
			isa = XCBuildConfiguration;
			buildSettings = {
				ALWAYS_EMBED_SWIFT_STANDARD_LIBRARIES = YES;
				BUNDLE_LOADER = "$(TEST_HOST)";
				CODE_SIGN_STYLE = Automatic;
				CURRENT_PROJECT_VERSION = 1;
				GENERATE_INFOPLIST_FILE = YES;
				IPHONEOS_DEPLOYMENT_TARGET = 17.5;
				MARKETING_VERSION = 1.0;
				PRODUCT_BUNDLE_IDENTIFIER = "luis.Desafio-11Tests";
				PRODUCT_NAME = "$(TARGET_NAME)";
				SWIFT_EMIT_LOC_STRINGS = NO;
				SWIFT_VERSION = 5.0;
				TARGETED_DEVICE_FAMILY = "1,2";
				TEST_HOST = "$(BUILT_PRODUCTS_DIR)/Desafio 11.app/$(BUNDLE_EXECUTABLE_FOLDER_PATH)/Desafio 11";
			};
			name = Debug;
		};
		66AB0E8D2EBA2438005FBF3D /* Release */ = {
			isa = XCBuildConfiguration;
			buildSettings = {
				ALWAYS_EMBED_SWIFT_STANDARD_LIBRARIES = YES;
				BUNDLE_LOADER = "$(TEST_HOST)";
				CODE_SIGN_STYLE = Automatic;
				CURRENT_PROJECT_VERSION = 1;
				GENERATE_INFOPLIST_FILE = YES;
				IPHONEOS_DEPLOYMENT_TARGET = 17.5;
				MARKETING_VERSION = 1.0;
				PRODUCT_BUNDLE_IDENTIFIER = "luis.Desafio-11Tests";
				PRODUCT_NAME = "$(TARGET_NAME)";
				SWIFT_EMIT_LOC_STRINGS = NO;
				SWIFT_VERSION = 5.0;
				TARGETED_DEVICE_FAMILY = "1,2";
				TEST_HOST = "$(BUILT_PRODUCTS_DIR)/Desafio 11.app/$(BUNDLE_EXECUTABLE_FOLDER_PATH)/Desafio 11";
			};
			name = Release;
		};
		66AB0E8F2EBA2438005FBF3D /* Debug */ = {
			isa = XCBuildConfiguration;
			buildSettings = {
				ALWAYS_EMBED_SWIFT_STANDARD_LIBRARIES = YES;
				CODE_SIGN_STYLE = Automatic;
				CURRENT_PROJECT_VERSION = 1;
				GENERATE_INFOPLIST_FILE = YES;
				MARKETING_VERSION = 1.0;
				PRODUCT_BUNDLE_IDENTIFIER = "luis.Desafio-11UITests";
				PRODUCT_NAME = "$(TARGET_NAME)";
				SWIFT_EMIT_LOC_STRINGS = NO;
				SWIFT_VERSION = 5.0;
				TARGETED_DEVICE_FAMILY = "1,2";
				TEST_TARGET_NAME = "Desafio 11";
			};
			name = Debug;
		};
		66AB0E902EBA2438005FBF3D /* Release */ = {
			isa = XCBuildConfiguration;
			buildSettings = {
				ALWAYS_EMBED_SWIFT_STANDARD_LIBRARIES = YES;
				CODE_SIGN_STYLE = Automatic;
				CURRENT_PROJECT_VERSION = 1;
				GENERATE_INFOPLIST_FILE = YES;
				MARKETING_VERSION = 1.0;
				PRODUCT_BUNDLE_IDENTIFIER = "luis.Desafio-11UITests";
				PRODUCT_NAME = "$(TARGET_NAME)";
				SWIFT_EMIT_LOC_STRINGS = NO;
				SWIFT_VERSION = 5.0;
				TARGETED_DEVICE_FAMILY = "1,2";
				TEST_TARGET_NAME = "Desafio 11";
			};
			name = Release;
		};
/* End XCBuildConfiguration section */

/* Begin XCConfigurationList section */
		66AB0E5F2EBA2436005FBF3D /* Build configuration list for PBXProject "Desafio 11" */ = {
			isa = XCConfigurationList;
			buildConfigurations = (
				66AB0E862EBA2438005FBF3D /* Debug */,
				66AB0E872EBA2438005FBF3D /* Release */,
			);
			defaultConfigurationIsVisible = 0;
			defaultConfigurationName = Release;
		};
		66AB0E882EBA2438005FBF3D /* Build configuration list for PBXNativeTarget "Desafio 11" */ = {
			isa = XCConfigurationList;
			buildConfigurations = (
				66AB0E892EBA2438005FBF3D /* Debug */,
				66AB0E8A2EBA2438005FBF3D /* Release */,
			);
			defaultConfigurationIsVisible = 0;
			defaultConfigurationName = Release;
		};
		66AB0E8B2EBA2438005FBF3D /* Build configuration list for PBXNativeTarget "Desafio 11Tests" */ = {
			isa = XCConfigurationList;
			buildConfigurations = (
				66AB0E8C2EBA2438005FBF3D /* Debug */,
				66AB0E8D2EBA2438005FBF3D /* Release */,
			);
			defaultConfigurationIsVisible = 0;
			defaultConfigurationName = Release;
		};
		66AB0E8E2EBA2438005FBF3D /* Build configuration list for PBXNativeTarget "Desafio 11UITests" */ = {
			isa = XCConfigurationList;
			buildConfigurations = (
				66AB0E8F2EBA2438005FBF3D /* Debug */,
				66AB0E902EBA2438005FBF3D /* Release */,
			);
			defaultConfigurationIsVisible = 0;
			defaultConfigurationName = Release;
		};
/* End XCConfigurationList section */

/* Begin XCRemoteSwiftPackageReference section */
		66AB0E912EBA2555005FBF3D /* XCRemoteSwiftPackageReference "deprecated-generative-ai-swift" */ = {
			isa = XCRemoteSwiftPackageReference;
			repositoryURL = "https://github.com/google-gemini/deprecated-generative-ai-swift.git";
			requirement = {
				kind = upToNextMajorVersion;
				minimumVersion = 0.5.6;
			};
		};
/* End XCRemoteSwiftPackageReference section */

/* Begin XCSwiftPackageProductDependency section */
		66AB0E922EBA2555005FBF3D /* GoogleGenerativeAI */ = {
			isa = XCSwiftPackageProductDependency;
			package = 66AB0E912EBA2555005FBF3D /* XCRemoteSwiftPackageReference "deprecated-generative-ai-swift" */;
			productName = GoogleGenerativeAI;
		};
/* End XCSwiftPackageProductDependency section */
	};
	rootObject = 66AB0E5C2EBA2436005FBF3D /* Project object */;
}
